{
  "name": "@zerobias-org/suite-isaca-cobit",
  "version": "2.0.0",
  "lockfileVersion": 3,
  "requires": true,
  "packages": {
    "": {
      "name": "@zerobias-org/suite-isaca-cobit",
      "version": "2.0.0",
      "license": "ISC",
      "dependencies": {
        "@zerobias-org/vendor-isaca": "*"
      }
    },
    "node_modules/@zerobias-org/vendor-isaca": {
      "version": "2.0.1",
      "integrity": "sha512-SYX2e5fybEd5ehbKtlLh2YnsyPZNoNdBb1g6N1+DsY/4PGyeWLzHgM4/EnLR+g+aPfiOFjDrQ41dsUUtMQjmSA==",
      "license": "ISC"
    }
  }
}
