{
  "name": "@zerobias-org/suite-isaca-cobit",
  "version": "1.0.1",
  "lockfileVersion": 2,
  "requires": true,
  "packages": {
    "": {
      "name": "@zerobias-org/suite-isaca-cobit",
      "version": "1.0.1",
      "license": "ISC",
      "dependencies": {
        "@zerobias-org/vendor-isaca": "latest"
      },
      "engines": {
        "node": ">=16.11.0",
        "npm": ">=8.0.0"
      }
    },
    "node_modules/@zerobias-org/vendor-isaca": {
      "version": "1.0.2",
      "resolved": "https://pkg.zerobias.org/@zerobias-org/vendor-isaca/-/vendor-isaca-1.0.2.tgz",
      "integrity": "sha512-d37ri7h///iWPab4wdqYuVYJ6XEpS8Kwva90AW4346hBpxNHfrzD3t1p+E4DBR13KUHsunKvMnvBsyWYJFBSBQ==",
      "license": "ISC",
      "engines": {
        "node": ">=16.11.0",
        "npm": ">=8.0.0"
      }
    }
  },
  "dependencies": {
    "@zerobias-org/vendor-isaca": {
      "version": "1.0.2",
      "resolved": "https://pkg.zerobias.org/@zerobias-org/vendor-isaca/-/vendor-isaca-1.0.2.tgz",
      "integrity": "sha512-d37ri7h///iWPab4wdqYuVYJ6XEpS8Kwva90AW4346hBpxNHfrzD3t1p+E4DBR13KUHsunKvMnvBsyWYJFBSBQ=="
    }
  }
}
