{
  "name": "@zerobias-org/suite-us_co-cpa",
  "version": "1.0.1",
  "lockfileVersion": 2,
  "requires": true,
  "packages": {
    "": {
      "name": "@zerobias-org/suite-us_co-cpa",
      "version": "1.0.1",
      "license": "ISC",
      "dependencies": {
        "@zerobias-org/vendor-us_co": "latest"
      },
      "engines": {
        "node": ">=16.11.0",
        "npm": ">=8.0.0"
      }
    },
    "node_modules/@zerobias-org/vendor-us_co": {
      "version": "1.0.2",
      "resolved": "https://pkg.zerobias.org/@zerobias-org/vendor-us_co/-/vendor-us_co-1.0.2.tgz",
      "integrity": "sha512-SjMm+1lUlSfRw2AX+7zX3mLPQ+mAvLarlSqnc26B6Ht98j7uUWYC1/cpv2Ks5KXLc3C+NE+U3h+qseR0zFPXJg==",
      "license": "ISC",
      "engines": {
        "node": ">=16.11.0",
        "npm": ">=8.0.0"
      }
    }
  },
  "dependencies": {
    "@zerobias-org/vendor-us_co": {
      "version": "1.0.2",
      "resolved": "https://pkg.zerobias.org/@zerobias-org/vendor-us_co/-/vendor-us_co-1.0.2.tgz",
      "integrity": "sha512-SjMm+1lUlSfRw2AX+7zX3mLPQ+mAvLarlSqnc26B6Ht98j7uUWYC1/cpv2Ks5KXLc3C+NE+U3h+qseR0zFPXJg=="
    }
  }
}
