{
  "name": "@zerobias-org/suite-us_va-cdpa",
  "version": "1.0.1",
  "lockfileVersion": 2,
  "requires": true,
  "packages": {
    "": {
      "name": "@zerobias-org/suite-us_va-cdpa",
      "version": "1.0.1",
      "license": "ISC",
      "dependencies": {
        "@zerobias-org/vendor-us_va": "latest"
      },
      "engines": {
        "node": ">=16.11.0",
        "npm": ">=8.0.0"
      }
    },
    "node_modules/@zerobias-org/vendor-us_va": {
      "version": "1.0.2",
      "resolved": "https://pkg.zerobias.org/@zerobias-org/vendor-us_va/-/vendor-us_va-1.0.2.tgz",
      "integrity": "sha512-Fzqlzz3QGL1vWXS8CdxYU12t03CSu8Zvch4AuzS0oE9IZBXBGV6VpzNJc1AtvfbOFuzPyPREVyG7msFIBgluJQ==",
      "license": "ISC",
      "engines": {
        "node": ">=16.11.0",
        "npm": ">=8.0.0"
      }
    }
  },
  "dependencies": {
    "@zerobias-org/vendor-us_va": {
      "version": "1.0.2",
      "resolved": "https://pkg.zerobias.org/@zerobias-org/vendor-us_va/-/vendor-us_va-1.0.2.tgz",
      "integrity": "sha512-Fzqlzz3QGL1vWXS8CdxYU12t03CSu8Zvch4AuzS0oE9IZBXBGV6VpzNJc1AtvfbOFuzPyPREVyG7msFIBgluJQ=="
    }
  }
}
