{
  "name": "@zerobias-org/suite-nz-ism",
  "version": "1.0.2",
  "lockfileVersion": 2,
  "requires": true,
  "packages": {
    "": {
      "name": "@zerobias-org/suite-nz-ism",
      "version": "1.0.2",
      "license": "ISC",
      "dependencies": {
        "@zerobias-org/vendor-nz": "latest"
      },
      "engines": {
        "node": ">=16.11.0",
        "npm": ">=8.0.0"
      }
    },
    "node_modules/@zerobias-org/vendor-nz": {
      "version": "1.0.2",
      "resolved": "https://pkg.zerobias.org/@zerobias-org/vendor-nz/-/vendor-nz-1.0.2.tgz",
      "integrity": "sha512-6f8xIpMfatZ74KVxV/Yv1iYXdxa/FX0HQ0wAPrCd1Pm3+fWTrD3KekIKGJPuhDxq1ncPzmYQg/gE/PnfAN333A==",
      "license": "ISC",
      "engines": {
        "node": ">=16.11.0",
        "npm": ">=8.0.0"
      }
    }
  },
  "dependencies": {
    "@zerobias-org/vendor-nz": {
      "version": "1.0.2",
      "resolved": "https://pkg.zerobias.org/@zerobias-org/vendor-nz/-/vendor-nz-1.0.2.tgz",
      "integrity": "sha512-6f8xIpMfatZ74KVxV/Yv1iYXdxa/FX0HQ0wAPrCd1Pm3+fWTrD3KekIKGJPuhDxq1ncPzmYQg/gE/PnfAN333A=="
    }
  }
}
