{
  "name": "@zerobias-org/suite-nz-ism",
  "version": "2.0.0",
  "lockfileVersion": 3,
  "requires": true,
  "packages": {
    "": {
      "name": "@zerobias-org/suite-nz-ism",
      "version": "2.0.0",
      "license": "ISC",
      "dependencies": {
        "@zerobias-org/vendor-nz": "*"
      }
    },
    "node_modules/@zerobias-org/vendor-nz": {
      "version": "2.0.1",
      "integrity": "sha512-oGzgcXFzo7bHvB9CWgES4rZHUDwZUMv6iuF282GCEyIXUh0xo4Vs9gw2w8SRLlOQcEusuj9kd90oU3nPl10Jhw==",
      "license": "ISC"
    }
  }
}
