{
  "name": "@zerobias-org/suite-tisax-isa",
  "version": "1.0.2",
  "lockfileVersion": 2,
  "requires": true,
  "packages": {
    "": {
      "name": "@zerobias-org/suite-tisax-isa",
      "version": "1.0.2",
      "license": "ISC",
      "dependencies": {
        "@zerobias-org/vendor-tisax": "latest"
      },
      "engines": {
        "node": ">=16.11.0",
        "npm": ">=8.0.0"
      }
    },
    "node_modules/@zerobias-org/vendor-tisax": {
      "version": "1.0.2",
      "resolved": "https://pkg.zerobias.org/@zerobias-org/vendor-tisax/-/vendor-tisax-1.0.2.tgz",
      "integrity": "sha512-vorptvEeCw/3VhC9g5RebsXzuKVMXYvvwCHUUsPZYiO/zzd5++Z4no+dkWGoz73LWHIWhlDuoN+CS/0Elz6a8g==",
      "license": "ISC",
      "engines": {
        "node": ">=16.11.0",
        "npm": ">=8.0.0"
      }
    }
  },
  "dependencies": {
    "@zerobias-org/vendor-tisax": {
      "version": "1.0.2",
      "resolved": "https://pkg.zerobias.org/@zerobias-org/vendor-tisax/-/vendor-tisax-1.0.2.tgz",
      "integrity": "sha512-vorptvEeCw/3VhC9g5RebsXzuKVMXYvvwCHUUsPZYiO/zzd5++Z4no+dkWGoz73LWHIWhlDuoN+CS/0Elz6a8g=="
    }
  }
}
