{
  "name": "@zerobias-org/suite-gsa-fedramp",
  "version": "2.0.0",
  "lockfileVersion": 3,
  "requires": true,
  "packages": {
    "": {
      "name": "@zerobias-org/suite-gsa-fedramp",
      "version": "2.0.0",
      "license": "ISC",
      "dependencies": {
        "@zerobias-org/vendor-gsa": "*"
      }
    },
    "node_modules/@zerobias-org/vendor-gsa": {
      "version": "2.0.1",
      "integrity": "sha512-Q1lcTen4I6QxJXFuIuCCQDziCLCEY3+UKNVlHMmk8ehr6x6ZTmgWCTyMz1uuSLwIPo+9gv/EZsGfBcZgiPKAuQ==",
      "license": "ISC"
    }
  }
}
