{
  "name": "@zerobias-org/suite-complianceforge-scf",
  "version": "2.0.0",
  "lockfileVersion": 3,
  "requires": true,
  "packages": {
    "": {
      "name": "@zerobias-org/suite-complianceforge-scf",
      "version": "2.0.0",
      "license": "ISC",
      "dependencies": {
        "@zerobias-org/vendor-complianceforge": "*"
      }
    },
    "node_modules/@zerobias-org/vendor-complianceforge": {
      "version": "2.0.1",
      "integrity": "sha512-9vKqY6wXu8jVy4Qf7XPwGG1Hl13VFBSkEQlsoUdzEzGfgdiOMsfekKOwCb7RBmwvGeR7SRID0IrVQ1WuZdMKEg==",
      "license": "ISC"
    }
  }
}
