{
  "name": "@zerobias-org/suite-vmware-cloud",
  "version": "2.0.0",
  "lockfileVersion": 3,
  "requires": true,
  "packages": {
    "": {
      "name": "@zerobias-org/suite-vmware-cloud",
      "version": "2.0.0",
      "license": "ISC",
      "dependencies": {
        "@zerobias-org/vendor-vmware": "*"
      }
    },
    "node_modules/@zerobias-org/vendor-vmware": {
      "version": "2.0.1",
      "integrity": "sha512-EJlHAv0Y10RSsXCJGWXzrEwU+1aRFoG2vh+8//mmoLTT+dOT7iri2Is24xD2HloTJ+I30CBB//OT0vXp1GcnGQ==",
      "license": "ISC"
    }
  }
}
