{
  "name": "@zerobias-org/suite-vmware-cloud",
  "version": "1.0.10",
  "lockfileVersion": 3,
  "requires": true,
  "packages": {
    "": {
      "name": "@zerobias-org/suite-vmware-cloud",
      "version": "1.0.10",
      "license": "ISC",
      "dependencies": {
        "@zerobias-org/vendor-vmware": "latest"
      }
    },
    "node_modules/@zerobias-org/vendor-vmware": {
      "version": "1.0.8",
      "resolved": "https://pkg.zerobias.org/@zerobias-org/vendor-vmware/-/vendor-vmware-1.0.8.tgz",
      "integrity": "sha512-UhhZjPOxD7TJwuOcyRygOY28P+PXQzWLXsnVZacrlskHaBNT5/VIwaFkAmXZjB3YDU7vnQIKV6cUHYA9VEOZHQ==",
      "license": "ISC"
    }
  }
}
