{
  "name": "@zerobias-org/suite-at-dsg",
  "version": "1.0.2",
  "lockfileVersion": 2,
  "requires": true,
  "packages": {
    "": {
      "name": "@zerobias-org/suite-at-dsg",
      "version": "1.0.2",
      "license": "ISC",
      "dependencies": {
        "@zerobias-org/vendor-at": "latest"
      },
      "engines": {
        "node": ">=16.11.0",
        "npm": ">=8.0.0"
      }
    },
    "node_modules/@zerobias-org/vendor-at": {
      "version": "1.0.2",
      "resolved": "https://pkg.zerobias.org/@zerobias-org/vendor-at/-/vendor-at-1.0.2.tgz",
      "integrity": "sha512-izstotGO5hPAErTeQXdpEgHFhyLy9c4lDLW9VWgKgGFb1JG2awnqlGN5c4ZBmEzcLmi11On5iLd7L2/aj42K2w==",
      "license": "ISC",
      "engines": {
        "node": ">=16.11.0",
        "npm": ">=8.0.0"
      }
    }
  },
  "dependencies": {
    "@zerobias-org/vendor-at": {
      "version": "1.0.2",
      "resolved": "https://pkg.zerobias.org/@zerobias-org/vendor-at/-/vendor-at-1.0.2.tgz",
      "integrity": "sha512-izstotGO5hPAErTeQXdpEgHFhyLy9c4lDLW9VWgKgGFb1JG2awnqlGN5c4ZBmEzcLmi11On5iLd7L2/aj42K2w=="
    }
  }
}
