{
  "name": "@zerobias-org/suite-mitre-mitre",
  "version": "1.0.1",
  "lockfileVersion": 2,
  "requires": true,
  "packages": {
    "": {
      "name": "@zerobias-org/suite-mitre-mitre",
      "version": "1.0.1",
      "license": "ISC",
      "dependencies": {
        "@zerobias-org/vendor-mitre": "latest"
      },
      "engines": {
        "node": ">=16.11.0",
        "npm": ">=8.0.0"
      }
    },
    "node_modules/@zerobias-org/vendor-mitre": {
      "version": "0.2.3",
      "resolved": "https://pkg.zerobias.org/@zerobias-org/vendor-mitre/-/vendor-mitre-0.2.3.tgz",
      "integrity": "sha512-VUnhiybblZhtj45J5TI2NyS1s72Z/Ze/1mx5fIbkxWhRSlqyOt3t4TJLLWbsxPzFSXPWqIseUIqDu4SX6Fc1WA==",
      "license": "ISC"
    }
  },
  "dependencies": {
    "@zerobias-org/vendor-mitre": {
      "version": "0.2.3",
      "resolved": "https://pkg.zerobias.org/@zerobias-org/vendor-mitre/-/vendor-mitre-0.2.3.tgz",
      "integrity": "sha512-VUnhiybblZhtj45J5TI2NyS1s72Z/Ze/1mx5fIbkxWhRSlqyOt3t4TJLLWbsxPzFSXPWqIseUIqDu4SX6Fc1WA=="
    }
  }
}
