{
  "name": "@zerobias-org/suite-mitre-mitre",
  "version": "2.0.0",
  "lockfileVersion": 3,
  "requires": true,
  "packages": {
    "": {
      "name": "@zerobias-org/suite-mitre-mitre",
      "version": "2.0.0",
      "license": "ISC",
      "dependencies": {
        "@zerobias-org/vendor-mitre": "*"
      }
    },
    "node_modules/@zerobias-org/vendor-mitre": {
      "version": "1.0.1",
      "integrity": "sha512-P0NoJKhvpOxM6XFzgq+Pqih0jszIW5PUREhSmnzVe7uqahADngTGfdXDwCXifLIZVQ0YnC79WoTLqnurdmBtdQ==",
      "license": "ISC"
    }
  }
}
