{
  "name": "@zerobias-org/suite-microsoft-defender",
  "version": "1.0.0",
  "lockfileVersion": 3,
  "requires": true,
  "packages": {
    "": {
      "name": "@zerobias-org/suite-microsoft-defender",
      "version": "1.0.0",
      "license": "ISC",
      "dependencies": {
        "@zerobias-org/vendor-microsoft": "*"
      }
    },
    "node_modules/@zerobias-org/vendor-microsoft": {
      "version": "2.0.3",
      "integrity": "sha512-7dOtpLBxdC3bpgMOeDVlWx5PFUdrwjvPwXTPtL7b3v/jk6sTCGq6oNPUbkm/OvSZpuC2OK+R48S2hFPYzr+qgA==",
      "license": "ISC"
    }
  }
}
