{
  "name": "@zerobias-org/suite-br-lgpd",
  "version": "1.0.2",
  "lockfileVersion": 2,
  "requires": true,
  "packages": {
    "": {
      "name": "@zerobias-org/suite-br-lgpd",
      "version": "1.0.2",
      "license": "ISC",
      "dependencies": {
        "@zerobias-org/vendor-br": "latest"
      },
      "engines": {
        "node": ">=16.11.0",
        "npm": ">=8.0.0"
      }
    },
    "node_modules/@zerobias-org/vendor-br": {
      "version": "1.0.2",
      "resolved": "https://pkg.zerobias.org/@zerobias-org/vendor-br/-/vendor-br-1.0.2.tgz",
      "integrity": "sha512-R1uMJPPJ+z/nos8I4/MadPNMPQ4SbNszMXgM1EPEUfJlPck0yUzrvHaVyGbxF65a3ZSe9yYDnM9rMczS+z3Aug==",
      "license": "ISC",
      "engines": {
        "node": ">=16.11.0",
        "npm": ">=8.0.0"
      }
    }
  },
  "dependencies": {
    "@zerobias-org/vendor-br": {
      "version": "1.0.2",
      "resolved": "https://pkg.zerobias.org/@zerobias-org/vendor-br/-/vendor-br-1.0.2.tgz",
      "integrity": "sha512-R1uMJPPJ+z/nos8I4/MadPNMPQ4SbNszMXgM1EPEUfJlPck0yUzrvHaVyGbxF65a3ZSe9yYDnM9rMczS+z3Aug=="
    }
  }
}
