{
  "name": "@zerobias-org/suite-br-lgpd",
  "version": "2.0.0",
  "lockfileVersion": 3,
  "requires": true,
  "packages": {
    "": {
      "name": "@zerobias-org/suite-br-lgpd",
      "version": "2.0.0",
      "license": "ISC",
      "dependencies": {
        "@zerobias-org/vendor-br": "*"
      }
    },
    "node_modules/@zerobias-org/vendor-br": {
      "version": "2.0.1",
      "integrity": "sha512-Fvp/3TkzidlEbiatf1xiNCKo4lMRkETGmOy7MJqsG/zY0STGqEB27i7+S7CPAAKPkXEUh9PxWhOefnAFmczFSw==",
      "license": "ISC"
    }
  }
}
