{
  "name": "@zerobias-org/suite-il-cmo",
  "version": "2.0.0",
  "lockfileVersion": 3,
  "requires": true,
  "packages": {
    "": {
      "name": "@zerobias-org/suite-il-cmo",
      "version": "2.0.0",
      "license": "ISC",
      "dependencies": {
        "@zerobias-org/vendor-il": "*"
      }
    },
    "node_modules/@zerobias-org/vendor-il": {
      "version": "2.0.1",
      "integrity": "sha512-tBJ2Pp38md8rNTxLgLgwLZPA74F3DEOEUBRpbnLgwuyTSqkQZcrl3OZHdH4p/22Rqj1McJmYCCXY5PX8JerDpw==",
      "license": "ISC"
    }
  }
}
