{
  "name": "@zerobias-org/suite-be-be_act8",
  "version": "2.0.0",
  "lockfileVersion": 3,
  "requires": true,
  "packages": {
    "": {
      "name": "@zerobias-org/suite-be-be_act8",
      "version": "2.0.0",
      "license": "ISC",
      "dependencies": {
        "@zerobias-org/vendor-be": "*"
      }
    },
    "node_modules/@zerobias-org/vendor-be": {
      "version": "2.0.1",
      "integrity": "sha512-KrwxKdBhwmoddz7NmhJ5Y1l44GhhKlFYAHqzj1CvVBUO+Tni91YP4rOo7gXEbdnpBKNo6mzyvCHM92XK8BlBpQ==",
      "license": "ISC"
    }
  }
}
