{
  "name": "@zerobias-org/suite-be-be_act8",
  "version": "1.0.2",
  "lockfileVersion": 2,
  "requires": true,
  "packages": {
    "": {
      "name": "@zerobias-org/suite-be-be_act8",
      "version": "1.0.2",
      "license": "ISC",
      "dependencies": {
        "@zerobias-org/vendor-be": "latest"
      },
      "engines": {
        "node": ">=16.11.0",
        "npm": ">=8.0.0"
      }
    },
    "node_modules/@zerobias-org/vendor-be": {
      "version": "1.0.2",
      "resolved": "https://pkg.zerobias.org/@zerobias-org/vendor-be/-/vendor-be-1.0.2.tgz",
      "integrity": "sha512-ZQhXji/MsYGQ7aC83+MUbpEuH0XuvgShLbLC6rcFsyiKGFDAnB2CZLhMWKzz7AgPW+hIK9bnIfOtcoIWlk0UZA==",
      "license": "ISC",
      "engines": {
        "node": ">=16.11.0",
        "npm": ">=8.0.0"
      }
    }
  },
  "dependencies": {
    "@zerobias-org/vendor-be": {
      "version": "1.0.2",
      "resolved": "https://pkg.zerobias.org/@zerobias-org/vendor-be/-/vendor-be-1.0.2.tgz",
      "integrity": "sha512-ZQhXji/MsYGQ7aC83+MUbpEuH0XuvgShLbLC6rcFsyiKGFDAnB2CZLhMWKzz7AgPW+hIK9bnIfOtcoIWlk0UZA=="
    }
  }
}
