{
  "name": "@zerobias-org/suite-uae-dpl",
  "version": "2.0.0",
  "lockfileVersion": 3,
  "requires": true,
  "packages": {
    "": {
      "name": "@zerobias-org/suite-uae-dpl",
      "version": "2.0.0",
      "license": "ISC",
      "dependencies": {
        "@zerobias-org/vendor-uae": "*"
      }
    },
    "node_modules/@zerobias-org/vendor-uae": {
      "version": "2.0.1",
      "integrity": "sha512-naW/7KRlVOOKkB90S1C7BOMaI7kjib6Pprt9ivxaoVoCwurKIrONO105EL4Tz3u+ziRtUbRqBtiUzHMaa3eiTw==",
      "license": "ISC"
    }
  }
}
