{
  "name": "@auditlogic/suite-us_ny-dfs",
  "version": "1.0.0",
  "lockfileVersion": 2,
  "requires": true,
  "packages": {
    "": {
      "name": "@auditlogic/suite-us_ny-dfs",
      "version": "1.0.0",
      "license": "ISC",
      "dependencies": {
        "@auditlogic/vendor-us_ny": "^1.0.0"
      },
      "engines": {
        "node": ">=16.11.0",
        "npm": ">=8.0.0"
      }
    },
    "node_modules/@auditlogic/vendor-us_ny": {
      "version": "1.0.0",
      "resolved": "https://npm.pkg.github.com/download/@auditlogic/vendor-us_ny/1.0.0/3e441bfb0d5ce18cacf2f72632db222989dc0452",
      "integrity": "sha512-4E+oNrB4s414tFyBHKzfRQr3/IEaZDFq4Kb/W9nUEVo1e0BiIHLt4iNG5Z6hUdMasp380IPj1zGIoXM6Nugd9g==",
      "license": "ISC",
      "engines": {
        "node": ">=16.11.0",
        "npm": ">=8.0.0"
      }
    }
  },
  "dependencies": {
    "@auditlogic/vendor-us_ny": {
      "version": "1.0.0",
      "resolved": "https://npm.pkg.github.com/download/@auditlogic/vendor-us_ny/1.0.0/3e441bfb0d5ce18cacf2f72632db222989dc0452",
      "integrity": "sha512-4E+oNrB4s414tFyBHKzfRQr3/IEaZDFq4Kb/W9nUEVo1e0BiIHLt4iNG5Z6hUdMasp380IPj1zGIoXM6Nugd9g=="
    }
  }
}
