{
  "name": "@zerobias-org/suite-us_ny-dfs",
  "version": "2.0.0",
  "lockfileVersion": 3,
  "requires": true,
  "packages": {
    "": {
      "name": "@zerobias-org/suite-us_ny-dfs",
      "version": "2.0.0",
      "license": "ISC",
      "dependencies": {
        "@zerobias-org/vendor-us_ny": "*"
      }
    },
    "node_modules/@zerobias-org/vendor-us_ny": {
      "version": "2.0.1",
      "integrity": "sha512-6I4dYtnob5qr4PcBtCMlmhOfxUBlGIGWhPd0xAZJgEt5TPVCukQQm2nMLjYG2HZ+2Z4JT7NnMe6l6xZ+3XcqkQ==",
      "license": "ISC"
    }
  }
}
