{
  "name": "@zerobias-org/suite-pci_ssc-dss",
  "version": "2.0.0",
  "lockfileVersion": 3,
  "requires": true,
  "packages": {
    "": {
      "name": "@zerobias-org/suite-pci_ssc-dss",
      "version": "2.0.0",
      "license": "ISC",
      "dependencies": {
        "@zerobias-org/vendor-pci_ssc": "*"
      }
    },
    "node_modules/@zerobias-org/vendor-pci_ssc": {
      "version": "2.0.1",
      "integrity": "sha512-0EC3e558sCylw9EhfCApxVNT3drcBQieILEnyw33JkduaL7AFil+5UAzgSrPtTS4PQkspiGhr/smdRrxwYZrvw==",
      "license": "ISC"
    }
  }
}
