{
  "name": "@auditlogic/suite-tenable-platform",
  "version": "0.4.1",
  "lockfileVersion": 3,
  "requires": true,
  "packages": {
    "": {
      "name": "@auditlogic/suite-tenable-platform",
      "version": "0.4.1",
      "license": "ISC",
      "dependencies": {
        "@auditlogic/vendor-tenable": "^0.2.1"
      }
    },
    "node_modules/@auditlogic/vendor-tenable": {
      "version": "0.2.1",
      "resolved": "https://npm.pkg.github.com/download/@auditlogic/vendor-tenable/0.2.1/861392e0e72a99733a729e296ca941a932b93f9b",
      "integrity": "sha512-sZgtU8wA9rknR7+IOAbGJbhtOKjFfJi0iQSaSrMsubHsLCJwzsO/J58KyIFMuizYTQ+Konc65do7WSCVqSTwBw==",
      "license": "ISC"
    }
  }
}
