{
  "name": "@zerobias-org/suite-tenable-platform",
  "version": "0.4.3",
  "lockfileVersion": 2,
  "requires": true,
  "packages": {
    "": {
      "name": "@zerobias-org/suite-tenable-platform",
      "version": "0.4.3",
      "license": "ISC",
      "dependencies": {
        "@zerobias-org/vendor-tenable": "latest"
      }
    },
    "node_modules/@zerobias-org/vendor-tenable": {
      "version": "0.2.3",
      "resolved": "https://pkg.zerobias.org/@zerobias-org/vendor-tenable/-/vendor-tenable-0.2.3.tgz",
      "integrity": "sha512-gK59ovt60rG0zHwmQaK+Ghjz1OwMw3T2tqdEuVtY+aXHlWs5FQLBmKcKQp80JZO/Naibkr3wCaY+9dzMP5P+1Q==",
      "license": "ISC"
    }
  },
  "dependencies": {
    "@zerobias-org/vendor-tenable": {
      "version": "0.2.3",
      "resolved": "https://pkg.zerobias.org/@zerobias-org/vendor-tenable/-/vendor-tenable-0.2.3.tgz",
      "integrity": "sha512-gK59ovt60rG0zHwmQaK+Ghjz1OwMw3T2tqdEuVtY+aXHlWs5FQLBmKcKQp80JZO/Naibkr3wCaY+9dzMP5P+1Q=="
    }
  }
}
