{
  "name": "@zerobias-org/suite-bsi-standard",
  "version": "2.0.0",
  "lockfileVersion": 3,
  "requires": true,
  "packages": {
    "": {
      "name": "@zerobias-org/suite-bsi-standard",
      "version": "2.0.0",
      "license": "ISC",
      "dependencies": {
        "@zerobias-org/vendor-bsi": "*"
      }
    },
    "node_modules/@zerobias-org/vendor-bsi": {
      "version": "2.0.1",
      "integrity": "sha512-f63mkQ5bsyZYIprQ3lzUhXZgjOf9qF+uppaWnPejqk3slbv72AXalLOt5K2qq/Ss3A0DAMV8t2DGhwHaL/oojg==",
      "license": "ISC"
    }
  }
}
