{
  "name": "@zerobias-org/suite-ke-dpa",
  "version": "1.0.1",
  "lockfileVersion": 2,
  "requires": true,
  "packages": {
    "": {
      "name": "@zerobias-org/suite-ke-dpa",
      "version": "1.0.1",
      "license": "ISC",
      "dependencies": {
        "@zerobias-org/vendor-ke": "latest"
      },
      "engines": {
        "node": ">=16.11.0",
        "npm": ">=8.0.0"
      }
    },
    "node_modules/@zerobias-org/vendor-ke": {
      "version": "1.0.2",
      "resolved": "https://pkg.zerobias.org/@zerobias-org/vendor-ke/-/vendor-ke-1.0.2.tgz",
      "integrity": "sha512-IHYdw9003V+elvKMdJHFHcDBNSwIuvnkEYTugiYtNyRX6OehfTXBbR6fZxorJmxKXy8GHNfEW5gVkXlZ5rrCJQ==",
      "license": "ISC",
      "engines": {
        "node": ">=16.11.0",
        "npm": ">=8.0.0"
      }
    }
  },
  "dependencies": {
    "@zerobias-org/vendor-ke": {
      "version": "1.0.2",
      "resolved": "https://pkg.zerobias.org/@zerobias-org/vendor-ke/-/vendor-ke-1.0.2.tgz",
      "integrity": "sha512-IHYdw9003V+elvKMdJHFHcDBNSwIuvnkEYTugiYtNyRX6OehfTXBbR6fZxorJmxKXy8GHNfEW5gVkXlZ5rrCJQ=="
    }
  }
}
