{
  "name": "@auditlogic/suite-us_te-ipa",
  "version": "1.0.0",
  "lockfileVersion": 2,
  "requires": true,
  "packages": {
    "": {
      "name": "@auditlogic/suite-us_te-ipa",
      "version": "1.0.0",
      "license": "ISC",
      "dependencies": {
        "@auditlogic/vendor-us_te": "^1.0.0"
      },
      "engines": {
        "node": ">=16.11.0",
        "npm": ">=8.0.0"
      }
    },
    "node_modules/@auditlogic/vendor-us_te": {
      "version": "1.0.0",
      "resolved": "https://npm.pkg.github.com/download/@auditlogic/vendor-us_te/1.0.0/c6f53df69af38fb012288d8fa6da305dba8daaa7",
      "integrity": "sha512-pwhGszb5uaA0g2pBL9esDblgkUYbuAC0rwaTnAMh4yJL5x+NlHSYZk/Get0OB0wImCejRczsP9xgnAM5aMqTMw==",
      "license": "ISC",
      "engines": {
        "node": ">=16.11.0",
        "npm": ">=8.0.0"
      }
    }
  },
  "dependencies": {
    "@auditlogic/vendor-us_te": {
      "version": "1.0.0",
      "resolved": "https://npm.pkg.github.com/download/@auditlogic/vendor-us_te/1.0.0/c6f53df69af38fb012288d8fa6da305dba8daaa7",
      "integrity": "sha512-pwhGszb5uaA0g2pBL9esDblgkUYbuAC0rwaTnAMh4yJL5x+NlHSYZk/Get0OB0wImCejRczsP9xgnAM5aMqTMw=="
    }
  }
}
