{
  "name": "@auditlogic/suite-sk-ppd",
  "version": "1.0.0",
  "lockfileVersion": 2,
  "requires": true,
  "packages": {
    "": {
      "name": "@auditlogic/suite-sk-ppd",
      "version": "1.0.0",
      "license": "ISC",
      "dependencies": {
        "@auditlogic/vendor-sk": "^1.0.0"
      },
      "engines": {
        "node": ">=16.11.0",
        "npm": ">=8.0.0"
      }
    },
    "node_modules/@auditlogic/vendor-sk": {
      "version": "1.0.0",
      "resolved": "https://npm.pkg.github.com/download/@auditlogic/vendor-sk/1.0.0/34cf6a23a93804ce7d3d7607d0df0e46cbf87d79",
      "integrity": "sha512-Z0j26EofhZCsaQaOqhBmKIxUUUTRmJDWOwO8Mgm8ETLgdC3qJNoqzIjHh0CmqVEb6tSp54AcC0+DC8Hi9fvREw==",
      "license": "ISC",
      "engines": {
        "node": ">=16.11.0",
        "npm": ">=8.0.0"
      }
    }
  },
  "dependencies": {
    "@auditlogic/vendor-sk": {
      "version": "1.0.0",
      "resolved": "https://npm.pkg.github.com/download/@auditlogic/vendor-sk/1.0.0/34cf6a23a93804ce7d3d7607d0df0e46cbf87d79",
      "integrity": "sha512-Z0j26EofhZCsaQaOqhBmKIxUUUTRmJDWOwO8Mgm8ETLgdC3qJNoqzIjHh0CmqVEb6tSp54AcC0+DC8Hi9fvREw=="
    }
  }
}
