{
  "name": "@zerobias-org/suite-us_ma-ma_201",
  "version": "2.0.0",
  "lockfileVersion": 3,
  "requires": true,
  "packages": {
    "": {
      "name": "@zerobias-org/suite-us_ma-ma_201",
      "version": "2.0.0",
      "license": "ISC",
      "dependencies": {
        "@zerobias-org/vendor-us_ma": "*"
      }
    },
    "node_modules/@zerobias-org/vendor-us_ma": {
      "version": "2.0.1",
      "integrity": "sha512-0hsTeLz+W0JqUQ18DqNq5AfQYve7nrsNBpMDB1V3dEy29LXTDrV4AhDgSUCXYusc0TB7DgTlK+e5qC6kMmmHLA==",
      "license": "ISC"
    }
  }
}
