{
  "name": "@zerobias-org/suite-amazon-aws",
  "version": "1.0.12",
  "lockfileVersion": 2,
  "requires": true,
  "packages": {
    "": {
      "name": "@zerobias-org/suite-amazon-aws",
      "version": "1.0.12",
      "license": "ISC",
      "dependencies": {
        "@zerobias-org/vendor-amazon": "latest"
      }
    },
    "node_modules/@zerobias-org/vendor-amazon": {
      "version": "1.0.8",
      "resolved": "https://pkg.zerobias.org/@zerobias-org/vendor-amazon/-/vendor-amazon-1.0.8.tgz",
      "integrity": "sha512-Ay2voVRk89jIRlswXBe72In99gKhl8GSRB6G0/SCbKh9szDXdB5ej34rwYFsKcvHStm1MaluOJXhRlyTBAW58w==",
      "license": "ISC"
    }
  },
  "dependencies": {
    "@zerobias-org/vendor-amazon": {
      "version": "1.0.8",
      "resolved": "https://pkg.zerobias.org/@zerobias-org/vendor-amazon/-/vendor-amazon-1.0.8.tgz",
      "integrity": "sha512-Ay2voVRk89jIRlswXBe72In99gKhl8GSRB6G0/SCbKh9szDXdB5ej34rwYFsKcvHStm1MaluOJXhRlyTBAW58w=="
    }
  }
}
