{
  "name": "@zerobias-org/suite-openid-connect",
  "version": "1.1.4",
  "lockfileVersion": 2,
  "requires": true,
  "packages": {
    "": {
      "name": "@zerobias-org/suite-openid-connect",
      "version": "1.1.4",
      "license": "ISC",
      "dependencies": {
        "@zerobias-org/vendor-openid": "latest"
      }
    },
    "node_modules/@zerobias-org/vendor-openid": {
      "version": "1.1.2",
      "resolved": "https://pkg.zerobias.org/@zerobias-org/vendor-openid/-/vendor-openid-1.1.2.tgz",
      "integrity": "sha512-gzYifaG9Y4hI6uLEW8Lho0OeUD7Xq2tDLY1mLMCk3MqxWbtzWebv/mM7hZ7ucP2Z3mE9H+kpEa1UhXlhROfQcw==",
      "license": "ISC"
    }
  },
  "dependencies": {
    "@zerobias-org/vendor-openid": {
      "version": "1.1.2",
      "resolved": "https://pkg.zerobias.org/@zerobias-org/vendor-openid/-/vendor-openid-1.1.2.tgz",
      "integrity": "sha512-gzYifaG9Y4hI6uLEW8Lho0OeUD7Xq2tDLY1mLMCk3MqxWbtzWebv/mM7hZ7ucP2Z3mE9H+kpEa1UhXlhROfQcw=="
    }
  }
}
