{
  "name": "@zerobias-org/suite-dhs-ztcf",
  "version": "2.0.0",
  "lockfileVersion": 3,
  "requires": true,
  "packages": {
    "": {
      "name": "@zerobias-org/suite-dhs-ztcf",
      "version": "2.0.0",
      "license": "ISC",
      "dependencies": {
        "@zerobias-org/vendor-dhs": "*"
      }
    },
    "node_modules/@zerobias-org/vendor-dhs": {
      "version": "2.0.1",
      "integrity": "sha512-D7UHiaFT0kqPNVuNYRpttVHx8a3jFt6rLms4QC/l1h1WHunWqCc0bANTHQpL6/Zhij4viOLsL1FfYcdfgNpbYw==",
      "license": "ISC"
    }
  }
}
