{
  "name": "@zerobias-org/suite-sa-ecc",
  "version": "2.0.0",
  "lockfileVersion": 3,
  "requires": true,
  "packages": {
    "": {
      "name": "@zerobias-org/suite-sa-ecc",
      "version": "2.0.0",
      "license": "ISC",
      "dependencies": {
        "@zerobias-org/vendor-sa": "*"
      }
    },
    "node_modules/@zerobias-org/vendor-sa": {
      "version": "2.0.1",
      "integrity": "sha512-mASB8ECfuFiMdwkZRarOgbcjsV/s9YSx2CMIAjh+ElLZW0HP5d++XbAJ2lErZWa9H7Io1GZmbzPgfQsaEGc+iA==",
      "license": "ISC"
    }
  }
}
