{
  "name": "@zerobias-org/suite-google-workspace",
  "version": "1.0.12",
  "lockfileVersion": 2,
  "requires": true,
  "packages": {
    "": {
      "name": "@zerobias-org/suite-google-workspace",
      "version": "1.0.12",
      "license": "ISC",
      "dependencies": {
        "@zerobias-org/vendor-google": "latest"
      }
    },
    "node_modules/@zerobias-org/vendor-google": {
      "version": "1.0.8",
      "resolved": "https://pkg.zerobias.org/@zerobias-org/vendor-google/-/vendor-google-1.0.8.tgz",
      "integrity": "sha512-uwllZVehJDeD5uY7WsoBZdHrDxnnOXfKw9MNrA2ZUrl3psDU95ktZxrjhZ89P8xr0fwq2B5kGSAHUOyp6S0VhA==",
      "license": "ISC"
    }
  },
  "dependencies": {
    "@zerobias-org/vendor-google": {
      "version": "1.0.8",
      "resolved": "https://pkg.zerobias.org/@zerobias-org/vendor-google/-/vendor-google-1.0.8.tgz",
      "integrity": "sha512-uwllZVehJDeD5uY7WsoBZdHrDxnnOXfKw9MNrA2ZUrl3psDU95ktZxrjhZ89P8xr0fwq2B5kGSAHUOyp6S0VhA=="
    }
  }
}
