{
  "name": "@zerobias-org/suite-au-cp_sitc",
  "version": "2.0.0",
  "lockfileVersion": 3,
  "requires": true,
  "packages": {
    "": {
      "name": "@zerobias-org/suite-au-cp_sitc",
      "version": "2.0.0",
      "license": "ISC",
      "dependencies": {
        "@zerobias-org/vendor-au": "*"
      }
    },
    "node_modules/@zerobias-org/vendor-au": {
      "version": "2.0.1",
      "integrity": "sha512-f8m8savqFhHHY34lDEAWXqtDgZAFvNV7cyh064qm6RxE0xHLVoB/EoWS9TGJKXeTq9fhtfqf7/62ZfKdqKMfVQ==",
      "license": "ISC"
    }
  }
}
