{
  "name": "@auditlogic/suite-swift-swift",
  "version": "1.0.0",
  "lockfileVersion": 2,
  "requires": true,
  "packages": {
    "": {
      "name": "@auditlogic/suite-swift-swift",
      "version": "1.0.0",
      "license": "ISC",
      "dependencies": {
        "@auditlogic/vendor-swift": "^1.0.0"
      },
      "engines": {
        "node": ">=16.11.0",
        "npm": ">=8.0.0"
      }
    },
    "node_modules/@auditlogic/vendor-swift": {
      "version": "1.0.0",
      "resolved": "https://npm.pkg.github.com/download/@auditlogic/vendor-swift/1.0.0/2ad3a7de11ad519f9470e7dc1db1cf0473daaac7",
      "integrity": "sha512-PMffgg+CeABqyaFYSWdh/Ip2I/Jk6wpq9S3Q4ndr8Hqh+KGI6L2EwvCQOcSA3+QluOHwIRDmEX/D+q7Jlp88ZA==",
      "license": "ISC",
      "engines": {
        "node": ">=16.11.0",
        "npm": ">=8.0.0"
      }
    }
  },
  "dependencies": {
    "@auditlogic/vendor-swift": {
      "version": "1.0.0",
      "resolved": "https://npm.pkg.github.com/download/@auditlogic/vendor-swift/1.0.0/2ad3a7de11ad519f9470e7dc1db1cf0473daaac7",
      "integrity": "sha512-PMffgg+CeABqyaFYSWdh/Ip2I/Jk6wpq9S3Q4ndr8Hqh+KGI6L2EwvCQOcSA3+QluOHwIRDmEX/D+q7Jlp88ZA=="
    }
  }
}
