{
  "name": "@zerobias-org/suite-swift-swift",
  "version": "1.0.2",
  "lockfileVersion": 2,
  "requires": true,
  "packages": {
    "": {
      "name": "@zerobias-org/suite-swift-swift",
      "version": "1.0.2",
      "license": "ISC",
      "dependencies": {
        "@zerobias-org/vendor-swift": "latest"
      },
      "engines": {
        "node": ">=16.11.0",
        "npm": ">=8.0.0"
      }
    },
    "node_modules/@zerobias-org/vendor-swift": {
      "version": "1.0.2",
      "resolved": "https://pkg.zerobias.org/@zerobias-org/vendor-swift/-/vendor-swift-1.0.2.tgz",
      "integrity": "sha512-oOT5h+KlfJah59XA8nLP/42/10Qs/M26g+k2Hs8t5ELL6BO5W9TjUC0YEqkSeQHcPE34i2NSPgWnjvWnvOIiRQ==",
      "license": "ISC",
      "engines": {
        "node": ">=16.11.0",
        "npm": ">=8.0.0"
      }
    }
  },
  "dependencies": {
    "@zerobias-org/vendor-swift": {
      "version": "1.0.2",
      "resolved": "https://pkg.zerobias.org/@zerobias-org/vendor-swift/-/vendor-swift-1.0.2.tgz",
      "integrity": "sha512-oOT5h+KlfJah59XA8nLP/42/10Qs/M26g+k2Hs8t5ELL6BO5W9TjUC0YEqkSeQHcPE34i2NSPgWnjvWnvOIiRQ=="
    }
  }
}
