{
  "name": "@zerobias-org/suite-pe-pdpl",
  "version": "2.0.0",
  "lockfileVersion": 3,
  "requires": true,
  "packages": {
    "": {
      "name": "@zerobias-org/suite-pe-pdpl",
      "version": "2.0.0",
      "license": "ISC",
      "dependencies": {
        "@zerobias-org/vendor-pe": "*"
      }
    },
    "node_modules/@zerobias-org/vendor-pe": {
      "version": "2.0.1",
      "integrity": "sha512-AtYcrUv1JXdD5oA4yEY+vsXppXMYxCx1Qs59sgKUq/PEnl5LV/Muv7OYqScZZam2KbjXhGZzo0pljWiZvhcGWg==",
      "license": "ISC"
    }
  }
}
