{
  "name": "@zerobias-org/suite-zerobias-interface",
  "version": "2.0.0",
  "lockfileVersion": 3,
  "requires": true,
  "packages": {
    "": {
      "name": "@zerobias-org/suite-zerobias-interface",
      "version": "2.0.0",
      "license": "ISC",
      "dependencies": {
        "@zerobias-org/vendor-zerobias": "*"
      }
    },
    "node_modules/@zerobias-org/vendor-zerobias": {
      "version": "2.0.3",
      "integrity": "sha512-ru2TDhb4jtOb6WO/A3gQWq5A9Rgy/1TvM9qEsO3eINhs0HEcDUZC4F3SpPI+Gczk+cqlcSkTtRdW76Yvrzo0mQ==",
      "license": "ISC"
    }
  }
}
