{
  "name": "@zerobias-org/suite-zerobias-interface",
  "version": "1.0.1",
  "lockfileVersion": 2,
  "requires": true,
  "packages": {
    "": {
      "name": "@zerobias-org/suite-zerobias-interface",
      "version": "1.0.1",
      "license": "ISC",
      "dependencies": {
        "@zerobias-org/vendor-zerobias": "latest"
      }
    },
    "node_modules/@zerobias-org/vendor-zerobias": {
      "version": "1.0.2",
      "resolved": "https://pkg.zerobias.org/@zerobias-org/vendor-zerobias/-/vendor-zerobias-1.0.2.tgz",
      "integrity": "sha512-SQvZ4YgE99m9/Y5c6Mba7RCozOIIYuz1HMulbcm7WlomwdhKoFbEpTX1EzpOzl1WShIDk8heSM0pFYdllfSjaA==",
      "license": "ISC"
    }
  },
  "dependencies": {
    "@zerobias-org/vendor-zerobias": {
      "version": "1.0.2",
      "resolved": "https://pkg.zerobias.org/@zerobias-org/vendor-zerobias/-/vendor-zerobias-1.0.2.tgz",
      "integrity": "sha512-SQvZ4YgE99m9/Y5c6Mba7RCozOIIYuz1HMulbcm7WlomwdhKoFbEpTX1EzpOzl1WShIDk8heSM0pFYdllfSjaA=="
    }
  }
}
