{
  "name": "@zerobias-org/suite-qa-pdppl",
  "version": "2.0.0",
  "lockfileVersion": 3,
  "requires": true,
  "packages": {
    "": {
      "name": "@zerobias-org/suite-qa-pdppl",
      "version": "2.0.0",
      "license": "ISC",
      "dependencies": {
        "@zerobias-org/vendor-qa": "*"
      }
    },
    "node_modules/@zerobias-org/vendor-qa": {
      "version": "2.0.1",
      "integrity": "sha512-hyjAYVNsu12ZSxHN9QePJIgZE9QmP8/lXQOfbAknLg/hGZiYyjSUjsZsxNmJ/Jl+pUiZc97k0SGOvEzbscBDYw==",
      "license": "ISC"
    }
  }
}
