{
  "name": "@zerobias-org/suite-qa-pdppl",
  "version": "1.0.1",
  "lockfileVersion": 2,
  "requires": true,
  "packages": {
    "": {
      "name": "@zerobias-org/suite-qa-pdppl",
      "version": "1.0.1",
      "license": "ISC",
      "dependencies": {
        "@zerobias-org/vendor-qa": "latest"
      },
      "engines": {
        "node": ">=16.11.0",
        "npm": ">=8.0.0"
      }
    },
    "node_modules/@zerobias-org/vendor-qa": {
      "version": "1.0.2",
      "resolved": "https://pkg.zerobias.org/@zerobias-org/vendor-qa/-/vendor-qa-1.0.2.tgz",
      "integrity": "sha512-1+0B1prRrGG7XKc8iG46oPEdAiahFAAawl812iC+z9uB9IiG9zJAmBrGajW92vQNhqLHSiEAFQALKoiNkK+pmg==",
      "license": "ISC",
      "engines": {
        "node": ">=16.11.0",
        "npm": ">=8.0.0"
      }
    }
  },
  "dependencies": {
    "@zerobias-org/vendor-qa": {
      "version": "1.0.2",
      "resolved": "https://pkg.zerobias.org/@zerobias-org/vendor-qa/-/vendor-qa-1.0.2.tgz",
      "integrity": "sha512-1+0B1prRrGG7XKc8iG46oPEdAiahFAAawl812iC+z9uB9IiG9zJAmBrGajW92vQNhqLHSiEAFQALKoiNkK+pmg=="
    }
  }
}
