{
  "name": "@zerobias-org/suite-gr-pi_rppd_2472",
  "version": "2.0.0",
  "lockfileVersion": 3,
  "requires": true,
  "packages": {
    "": {
      "name": "@zerobias-org/suite-gr-pi_rppd_2472",
      "version": "2.0.0",
      "license": "ISC",
      "dependencies": {
        "@zerobias-org/vendor-gr": "*"
      }
    },
    "node_modules/@zerobias-org/vendor-gr": {
      "version": "2.0.1",
      "integrity": "sha512-SaiQ2Gd/sGUhtOiAMxJvEUZqIQtqn2O6X/VIrFlb2fHO+BmlD+0+AB5pG7NAsfp+Vw+uNG6AE7JCkOYHXeNnMA==",
      "license": "ISC"
    }
  }
}
