{
  "name": "@zerobias-org/suite-us_ca-sb1386",
  "version": "2.0.0",
  "lockfileVersion": 3,
  "requires": true,
  "packages": {
    "": {
      "name": "@zerobias-org/suite-us_ca-sb1386",
      "version": "2.0.0",
      "license": "ISC",
      "dependencies": {
        "@zerobias-org/vendor-us_ca": "*"
      }
    },
    "node_modules/@zerobias-org/vendor-us_ca": {
      "version": "2.0.1",
      "integrity": "sha512-DoNOsIKY0FeTlf9p93Jh6aMkER2JyJu/TTOfBnY0T5BOJ7XW1AAn2hYdwlgaAUy/Q2ARk7fUI95dNGLAjbp/Kg==",
      "license": "ISC"
    }
  }
}
