{
  "name": "@zerobias-org/suite-whitehouse-executiveorder",
  "version": "1.0.3",
  "lockfileVersion": 2,
  "requires": true,
  "packages": {
    "": {
      "name": "@zerobias-org/suite-whitehouse-executiveorder",
      "version": "1.0.3",
      "license": "ISC",
      "dependencies": {
        "@zerobias-org/vendor-whitehouse": "latest"
      }
    },
    "node_modules/@zerobias-org/vendor-whitehouse": {
      "version": "1.0.2",
      "resolved": "https://pkg.zerobias.org/@zerobias-org/vendor-whitehouse/-/vendor-whitehouse-1.0.2.tgz",
      "integrity": "sha512-9GxhwY7Gt2gwwgjH5dXCAYwRyW/BTT9wznhw2VfnPreUjZ0fKazbv/YYHP0XI0iDwqPhKaI8baO7NuL/kpeI2w==",
      "license": "ISC"
    }
  },
  "dependencies": {
    "@zerobias-org/vendor-whitehouse": {
      "version": "1.0.2",
      "resolved": "https://pkg.zerobias.org/@zerobias-org/vendor-whitehouse/-/vendor-whitehouse-1.0.2.tgz",
      "integrity": "sha512-9GxhwY7Gt2gwwgjH5dXCAYwRyW/BTT9wznhw2VfnPreUjZ0fKazbv/YYHP0XI0iDwqPhKaI8baO7NuL/kpeI2w=="
    }
  }
}
