{
  "name": "@zerobias-org/suite-opencre-opencre",
  "version": "2.0.0",
  "lockfileVersion": 3,
  "requires": true,
  "packages": {
    "": {
      "name": "@zerobias-org/suite-opencre-opencre",
      "version": "2.0.0",
      "license": "ISC",
      "dependencies": {
        "@zerobias-org/vendor-opencre": "*"
      }
    },
    "node_modules/@zerobias-org/vendor-opencre": {
      "version": "2.0.1",
      "integrity": "sha512-0zVeU5CwJlGSy5I2pRvKmZT9bNDnP7cxQgTHpJXcT8DsApRVIrkJKI+K1OAbXH7pTi9ANqtymJbiXXH2RI8c4A==",
      "license": "ISC"
    }
  }
}
