{
  "name": "@zerobias-org/suite-opencre-opencre",
  "version": "1.0.1",
  "lockfileVersion": 2,
  "requires": true,
  "packages": {
    "": {
      "name": "@zerobias-org/suite-opencre-opencre",
      "version": "1.0.1",
      "license": "ISC",
      "dependencies": {
        "@zerobias-org/vendor-opencre": "latest"
      }
    },
    "node_modules/@zerobias-org/vendor-opencre": {
      "version": "1.0.2",
      "resolved": "https://pkg.zerobias.org/@zerobias-org/vendor-opencre/-/vendor-opencre-1.0.2.tgz",
      "integrity": "sha512-YKCNsLevJGqs/SPA/BAuNX3k36584m2sv+BkxXDc9lLM6opHWvJubq8Q+jBslIfYFN7QbQFH0XYsMrSIzXcNUw==",
      "license": "ISC"
    }
  },
  "dependencies": {
    "@zerobias-org/vendor-opencre": {
      "version": "1.0.2",
      "resolved": "https://pkg.zerobias.org/@zerobias-org/vendor-opencre/-/vendor-opencre-1.0.2.tgz",
      "integrity": "sha512-YKCNsLevJGqs/SPA/BAuNX3k36584m2sv+BkxXDc9lLM6opHWvJubq8Q+jBslIfYFN7QbQFH0XYsMrSIzXcNUw=="
    }
  }
}
