{
  "name": "@zerobias-org/suite-kr-pipa",
  "version": "1.0.2",
  "lockfileVersion": 2,
  "requires": true,
  "packages": {
    "": {
      "name": "@zerobias-org/suite-kr-pipa",
      "version": "1.0.2",
      "license": "ISC",
      "dependencies": {
        "@zerobias-org/vendor-kr": "latest"
      },
      "engines": {
        "node": ">=16.11.0",
        "npm": ">=8.0.0"
      }
    },
    "node_modules/@zerobias-org/vendor-kr": {
      "version": "1.0.2",
      "resolved": "https://pkg.zerobias.org/@zerobias-org/vendor-kr/-/vendor-kr-1.0.2.tgz",
      "integrity": "sha512-rffgBADFf9LqkYfTNskF1AhZZBAm7kLIkrgJN0Z5SHRkgT9BZ3S4lJXHsAopeTyHqsnB0A0gaRjtIqKwflD7qA==",
      "license": "ISC",
      "engines": {
        "node": ">=16.11.0",
        "npm": ">=8.0.0"
      }
    }
  },
  "dependencies": {
    "@zerobias-org/vendor-kr": {
      "version": "1.0.2",
      "resolved": "https://pkg.zerobias.org/@zerobias-org/vendor-kr/-/vendor-kr-1.0.2.tgz",
      "integrity": "sha512-rffgBADFf9LqkYfTNskF1AhZZBAm7kLIkrgJN0Z5SHRkgT9BZ3S4lJXHsAopeTyHqsnB0A0gaRjtIqKwflD7qA=="
    }
  }
}
