{
  "name": "@zerobias-org/suite-iec-sae",
  "version": "1.0.1",
  "lockfileVersion": 2,
  "requires": true,
  "packages": {
    "": {
      "name": "@zerobias-org/suite-iec-sae",
      "version": "1.0.1",
      "license": "ISC",
      "dependencies": {
        "@zerobias-org/vendor-iec": "latest"
      },
      "engines": {
        "node": ">=16.11.0",
        "npm": ">=8.0.0"
      }
    },
    "node_modules/@zerobias-org/vendor-iec": {
      "version": "1.0.2",
      "resolved": "https://pkg.zerobias.org/@zerobias-org/vendor-iec/-/vendor-iec-1.0.2.tgz",
      "integrity": "sha512-REjn63y7XH6vzzJnROLyS4LvpEFTohie2mHtj0HFhA05bQNU0vuC/9fHuFNvFgmvGAG1QITQYze0bf4/MFTnMw==",
      "license": "ISC",
      "engines": {
        "node": ">=16.11.0",
        "npm": ">=8.0.0"
      }
    }
  },
  "dependencies": {
    "@zerobias-org/vendor-iec": {
      "version": "1.0.2",
      "resolved": "https://pkg.zerobias.org/@zerobias-org/vendor-iec/-/vendor-iec-1.0.2.tgz",
      "integrity": "sha512-REjn63y7XH6vzzJnROLyS4LvpEFTohie2mHtj0HFhA05bQNU0vuC/9fHuFNvFgmvGAG1QITQYze0bf4/MFTnMw=="
    }
  }
}
