{
  "name": "@zerobias-org/suite-cis-benchmarks",
  "version": "0.2.4",
  "lockfileVersion": 2,
  "requires": true,
  "packages": {
    "": {
      "name": "@zerobias-org/suite-cis-benchmarks",
      "version": "0.2.4",
      "license": "ISC",
      "dependencies": {
        "@zerobias-org/vendor-cis": "latest"
      }
    },
    "node_modules/@zerobias-org/vendor-cis": {
      "version": "0.1.4",
      "resolved": "https://pkg.zerobias.org/@zerobias-org/vendor-cis/-/vendor-cis-0.1.4.tgz",
      "integrity": "sha512-9MbW8CXGGxKwbjaPxDNIRB0CNdktdgIFaZjnchs0icF3RUdiciCtFps1FCB3lw9oynnBfBX8VULRkll5Lg1qrw==",
      "license": "ISC"
    }
  },
  "dependencies": {
    "@zerobias-org/vendor-cis": {
      "version": "0.1.4",
      "resolved": "https://pkg.zerobias.org/@zerobias-org/vendor-cis/-/vendor-cis-0.1.4.tgz",
      "integrity": "sha512-9MbW8CXGGxKwbjaPxDNIRB0CNdktdgIFaZjnchs0icF3RUdiciCtFps1FCB3lw9oynnBfBX8VULRkll5Lg1qrw=="
    }
  }
}
