{
  "name": "@zerobias-org/suite-mx-fedlaw",
  "version": "2.0.0",
  "lockfileVersion": 3,
  "requires": true,
  "packages": {
    "": {
      "name": "@zerobias-org/suite-mx-fedlaw",
      "version": "2.0.0",
      "license": "ISC",
      "dependencies": {
        "@zerobias-org/vendor-mx": "*"
      }
    },
    "node_modules/@zerobias-org/vendor-mx": {
      "version": "2.0.1",
      "integrity": "sha512-jfFqXs/lu4682dSQeogE8DOZnbIcYKHEQZLig+blylutCk/xbhAhxxggwWoNbSOzLPzBzrDlN+SdrreSFadypQ==",
      "license": "ISC"
    }
  }
}
