{
  "name": "@zerobias-org/suite-zoho-one",
  "version": "2.0.0",
  "lockfileVersion": 3,
  "requires": true,
  "packages": {
    "": {
      "name": "@zerobias-org/suite-zoho-one",
      "version": "2.0.0",
      "license": "ISC",
      "dependencies": {
        "@zerobias-org/vendor-zoho": "*"
      }
    },
    "node_modules/@zerobias-org/vendor-zoho": {
      "version": "2.0.1",
      "integrity": "sha512-WTUc99l5sTnt7APw3CdLfjoxNGF8J7pcqzHVCpKj7Pp+HNbgKz/TnmiBqTBG13OowJ7kvn3MsaE5k++Zie2I4A==",
      "license": "ISC"
    }
  }
}
