{
  "name": "@zerobias-org/suite-bm-dpa",
  "version": "1.0.2",
  "lockfileVersion": 2,
  "requires": true,
  "packages": {
    "": {
      "name": "@zerobias-org/suite-bm-dpa",
      "version": "1.0.2",
      "license": "ISC",
      "dependencies": {
        "@zerobias-org/vendor-bm": "latest"
      },
      "engines": {
        "node": ">=16.11.0",
        "npm": ">=8.0.0"
      }
    },
    "node_modules/@zerobias-org/vendor-bm": {
      "version": "1.0.2",
      "resolved": "https://pkg.zerobias.org/@zerobias-org/vendor-bm/-/vendor-bm-1.0.2.tgz",
      "integrity": "sha512-m47SZEaEHQMwED6xRcerUFANaASB+RGzFFC68InQLUdNzVEzx/HoW03wqjIrk1urcGhr5nUnNL2Oguz3CYV2TA==",
      "license": "ISC",
      "engines": {
        "node": ">=16.11.0",
        "npm": ">=8.0.0"
      }
    }
  },
  "dependencies": {
    "@zerobias-org/vendor-bm": {
      "version": "1.0.2",
      "resolved": "https://pkg.zerobias.org/@zerobias-org/vendor-bm/-/vendor-bm-1.0.2.tgz",
      "integrity": "sha512-m47SZEaEHQMwED6xRcerUFANaASB+RGzFFC68InQLUdNzVEzx/HoW03wqjIrk1urcGhr5nUnNL2Oguz3CYV2TA=="
    }
  }
}
