{
  "name": "@zerobias-org/suite-it-pdpc",
  "version": "1.0.2",
  "lockfileVersion": 2,
  "requires": true,
  "packages": {
    "": {
      "name": "@zerobias-org/suite-it-pdpc",
      "version": "1.0.2",
      "license": "ISC",
      "dependencies": {
        "@zerobias-org/vendor-it": "latest"
      },
      "engines": {
        "node": ">=16.11.0",
        "npm": ">=8.0.0"
      }
    },
    "node_modules/@zerobias-org/vendor-it": {
      "version": "1.0.2",
      "resolved": "https://pkg.zerobias.org/@zerobias-org/vendor-it/-/vendor-it-1.0.2.tgz",
      "integrity": "sha512-eNB5A7gA5+wUe6qXUQL2JuhgX4ux1grMLUc9WJUG5DpmhcOdd3DJUJjJ/NhK/VCcaMASIWtRg/mQpdpeL9g/3g==",
      "license": "ISC",
      "engines": {
        "node": ">=16.11.0",
        "npm": ">=8.0.0"
      }
    }
  },
  "dependencies": {
    "@zerobias-org/vendor-it": {
      "version": "1.0.2",
      "resolved": "https://pkg.zerobias.org/@zerobias-org/vendor-it/-/vendor-it-1.0.2.tgz",
      "integrity": "sha512-eNB5A7gA5+wUe6qXUQL2JuhgX4ux1grMLUc9WJUG5DpmhcOdd3DJUJjJ/NhK/VCcaMASIWtRg/mQpdpeL9g/3g=="
    }
  }
}
