{
  "name": "@zerobias-org/suite-knowbe4-security",
  "version": "2.0.0",
  "lockfileVersion": 3,
  "requires": true,
  "packages": {
    "": {
      "name": "@zerobias-org/suite-knowbe4-security",
      "version": "2.0.0",
      "license": "ISC",
      "dependencies": {
        "@zerobias-org/vendor-knowbe4": "*"
      }
    },
    "node_modules/@zerobias-org/vendor-knowbe4": {
      "version": "2.0.1",
      "integrity": "sha512-hoFDj0Db2f3xFSAtVdWES4dRRkDm4N8/2/tDKtiXTQ1KkzLdROeaRCsqrEtKhF1Dit9WW/rBFDzdNnhM6nkDng==",
      "license": "ISC"
    }
  }
}
