{
  "name": "@zerobias-org/suite-ar-ppl",
  "version": "1.0.2",
  "lockfileVersion": 2,
  "requires": true,
  "packages": {
    "": {
      "name": "@zerobias-org/suite-ar-ppl",
      "version": "1.0.2",
      "license": "ISC",
      "dependencies": {
        "@zerobias-org/vendor-ar": "latest"
      },
      "engines": {
        "node": ">=16.11.0",
        "npm": ">=8.0.0"
      }
    },
    "node_modules/@zerobias-org/vendor-ar": {
      "version": "1.0.2",
      "resolved": "https://pkg.zerobias.org/@zerobias-org/vendor-ar/-/vendor-ar-1.0.2.tgz",
      "integrity": "sha512-MN0AZghKyaIokv0KxBDncbs7HtpCElamCOH8+kYuhgegwa4HYDg0wQrmG+fBmmSVoGY70+JgD5p4i1xMoLlOrw==",
      "license": "ISC",
      "engines": {
        "node": ">=16.11.0",
        "npm": ">=8.0.0"
      }
    }
  },
  "dependencies": {
    "@zerobias-org/vendor-ar": {
      "version": "1.0.2",
      "resolved": "https://pkg.zerobias.org/@zerobias-org/vendor-ar/-/vendor-ar-1.0.2.tgz",
      "integrity": "sha512-MN0AZghKyaIokv0KxBDncbs7HtpCElamCOH8+kYuhgegwa4HYDg0wQrmG+fBmmSVoGY70+JgD5p4i1xMoLlOrw=="
    }
  }
}
