{
  "name": "@zerobias-org/suite-es-boe",
  "version": "2.0.0",
  "lockfileVersion": 3,
  "requires": true,
  "packages": {
    "": {
      "name": "@zerobias-org/suite-es-boe",
      "version": "2.0.0",
      "license": "ISC",
      "dependencies": {
        "@zerobias-org/vendor-es": "*"
      }
    },
    "node_modules/@zerobias-org/vendor-es": {
      "version": "2.0.1",
      "integrity": "sha512-zOYH+df3AptmWB3dEUEP8WUi+0edu5I/9PlGOrjhRgEndm5RyCmn86QjKvmVbn4c4xxC3HdTqwVHMItWdDU7EA==",
      "license": "ISC"
    }
  }
}
