{
  "name": "@zerobias-org/suite-tw-pdpa",
  "version": "2.0.0",
  "lockfileVersion": 3,
  "requires": true,
  "packages": {
    "": {
      "name": "@zerobias-org/suite-tw-pdpa",
      "version": "2.0.0",
      "license": "ISC",
      "dependencies": {
        "@zerobias-org/vendor-tw": "*"
      }
    },
    "node_modules/@zerobias-org/vendor-tw": {
      "version": "2.0.1",
      "integrity": "sha512-LS/P8vYH8wyEVcdauWQd82YXPZNtR0bFFFVc54a4IMIiKcP7pXhoIDtHOwl1iXZcwbAn4fvLW2UkFBH4wTuiow==",
      "license": "ISC"
    }
  }
}
