{
  "name": "@auditlogic/suite-ie-dpa",
  "version": "1.0.0",
  "lockfileVersion": 2,
  "requires": true,
  "packages": {
    "": {
      "name": "@auditlogic/suite-ie-dpa",
      "version": "1.0.0",
      "license": "ISC",
      "dependencies": {
        "@auditlogic/vendor-ie": "^1.0.0"
      },
      "engines": {
        "node": ">=16.11.0",
        "npm": ">=8.0.0"
      }
    },
    "node_modules/@auditlogic/vendor-ie": {
      "version": "1.0.0",
      "resolved": "https://npm.pkg.github.com/download/@auditlogic/vendor-ie/1.0.0/f6f5f5e1d9789b644394384814e4b2e9a152d65a",
      "integrity": "sha512-YhBEBVIIk3H59OmGRiHcyaExgieV1gLgld4lA0HX8frXT5TMJQQgCRkPYy5UcUTHs8rBbuyLgh7E6pZcn3RA3w==",
      "license": "ISC",
      "engines": {
        "node": ">=16.11.0",
        "npm": ">=8.0.0"
      }
    }
  },
  "dependencies": {
    "@auditlogic/vendor-ie": {
      "version": "1.0.0",
      "resolved": "https://npm.pkg.github.com/download/@auditlogic/vendor-ie/1.0.0/f6f5f5e1d9789b644394384814e4b2e9a152d65a",
      "integrity": "sha512-YhBEBVIIk3H59OmGRiHcyaExgieV1gLgld4lA0HX8frXT5TMJQQgCRkPYy5UcUTHs8rBbuyLgh7E6pZcn3RA3w=="
    }
  }
}
