{
  "name": "@zerobias-org/suite-ie-dpa",
  "version": "1.0.2",
  "lockfileVersion": 2,
  "requires": true,
  "packages": {
    "": {
      "name": "@zerobias-org/suite-ie-dpa",
      "version": "1.0.2",
      "license": "ISC",
      "dependencies": {
        "@zerobias-org/vendor-ie": "latest"
      },
      "engines": {
        "node": ">=16.11.0",
        "npm": ">=8.0.0"
      }
    },
    "node_modules/@zerobias-org/vendor-ie": {
      "version": "1.0.2",
      "resolved": "https://pkg.zerobias.org/@zerobias-org/vendor-ie/-/vendor-ie-1.0.2.tgz",
      "integrity": "sha512-r96XrQcfjNh66r6MOKB/pchSHj0qOGybvyn4EquCRpEg6rfS/g31eripRj8zwOST2Z0+PHD2EfDONOFXTJPvXg==",
      "license": "ISC",
      "engines": {
        "node": ">=16.11.0",
        "npm": ">=8.0.0"
      }
    }
  },
  "dependencies": {
    "@zerobias-org/vendor-ie": {
      "version": "1.0.2",
      "resolved": "https://pkg.zerobias.org/@zerobias-org/vendor-ie/-/vendor-ie-1.0.2.tgz",
      "integrity": "sha512-r96XrQcfjNh66r6MOKB/pchSHj0qOGybvyn4EquCRpEg6rfS/g31eripRj8zwOST2Z0+PHD2EfDONOFXTJPvXg=="
    }
  }
}
