{
  "name": "@zerobias-org/suite-ca-osfi",
  "version": "1.0.1",
  "lockfileVersion": 2,
  "requires": true,
  "packages": {
    "": {
      "name": "@zerobias-org/suite-ca-osfi",
      "version": "1.0.1",
      "license": "ISC",
      "dependencies": {
        "@zerobias-org/vendor-ca": "latest"
      },
      "engines": {
        "node": ">=16.11.0",
        "npm": ">=8.0.0"
      }
    },
    "node_modules/@zerobias-org/vendor-ca": {
      "version": "1.0.2",
      "resolved": "https://pkg.zerobias.org/@zerobias-org/vendor-ca/-/vendor-ca-1.0.2.tgz",
      "integrity": "sha512-dXEcJw9kZbM3yLdJq2AShkRTy7We446GRq98gLzwcz3P9L9WRGoAE8nUc7EjBfQu2OxpN9hwnkXR7fBwZbh5IA==",
      "license": "ISC",
      "engines": {
        "node": ">=16.11.0",
        "npm": ">=8.0.0"
      }
    }
  },
  "dependencies": {
    "@zerobias-org/vendor-ca": {
      "version": "1.0.2",
      "resolved": "https://pkg.zerobias.org/@zerobias-org/vendor-ca/-/vendor-ca-1.0.2.tgz",
      "integrity": "sha512-dXEcJw9kZbM3yLdJq2AShkRTy7We446GRq98gLzwcz3P9L9WRGoAE8nUc7EjBfQu2OxpN9hwnkXR7fBwZbh5IA=="
    }
  }
}
