{
  "name": "@zerobias-org/suite-ca-osfi",
  "version": "2.0.0",
  "lockfileVersion": 3,
  "requires": true,
  "packages": {
    "": {
      "name": "@zerobias-org/suite-ca-osfi",
      "version": "2.0.0",
      "license": "ISC",
      "dependencies": {
        "@zerobias-org/vendor-ca": "*"
      }
    },
    "node_modules/@zerobias-org/vendor-ca": {
      "version": "2.0.1",
      "integrity": "sha512-m5a4blr78pQk8su74dRuYDOu3rLnjiVdhSMY1hBsdAcznjGdfxbSvDw1nYOEmB/gopgqCFwf7pUZCuAX+whUmw==",
      "license": "ISC"
    }
  }
}
