{
  "name": "@zerobias-org/suite-dod-cmmc",
  "version": "0.1.4",
  "lockfileVersion": 2,
  "requires": true,
  "packages": {
    "": {
      "name": "@zerobias-org/suite-dod-cmmc",
      "version": "0.1.4",
      "license": "ISC",
      "dependencies": {
        "@zerobias-org/vendor-dod": "latest"
      }
    },
    "node_modules/@zerobias-org/vendor-dod": {
      "version": "0.1.4",
      "resolved": "https://pkg.zerobias.org/@zerobias-org/vendor-dod/-/vendor-dod-0.1.4.tgz",
      "integrity": "sha512-VJjv4bQArqUvSMzn0mShQmf1jmrmeVuacFWS2XD8CS8gQJNo1E+5LVo7br7FiisDvbXJPKdNZY8/9bk7eHKRpQ==",
      "license": "ISC"
    }
  },
  "dependencies": {
    "@zerobias-org/vendor-dod": {
      "version": "0.1.4",
      "resolved": "https://pkg.zerobias.org/@zerobias-org/vendor-dod/-/vendor-dod-0.1.4.tgz",
      "integrity": "sha512-VJjv4bQArqUvSMzn0mShQmf1jmrmeVuacFWS2XD8CS8gQJNo1E+5LVo7br7FiisDvbXJPKdNZY8/9bk7eHKRpQ=="
    }
  }
}
