{
  "name": "@zerobias-org/suite-iso-standard",
  "version": "1.0.2",
  "lockfileVersion": 2,
  "requires": true,
  "packages": {
    "": {
      "name": "@zerobias-org/suite-iso-standard",
      "version": "1.0.2",
      "license": "ISC",
      "dependencies": {
        "@zerobias-org/vendor-iso": "latest"
      }
    },
    "node_modules/@zerobias-org/vendor-iso": {
      "version": "1.0.5",
      "resolved": "https://pkg.zerobias.org/@zerobias-org/vendor-iso/-/vendor-iso-1.0.5.tgz",
      "integrity": "sha512-LsubI5Og0TUJ4P15kuDXMq/nbxtSj2XDYG6Oza4B+JPmfdhXINh0CdEfCwJhV0yZTIFdy3hgnVVwQLQg2asSoQ==",
      "license": "ISC"
    }
  },
  "dependencies": {
    "@zerobias-org/vendor-iso": {
      "version": "1.0.5",
      "resolved": "https://pkg.zerobias.org/@zerobias-org/vendor-iso/-/vendor-iso-1.0.5.tgz",
      "integrity": "sha512-LsubI5Og0TUJ4P15kuDXMq/nbxtSj2XDYG6Oza4B+JPmfdhXINh0CdEfCwJhV0yZTIFdy3hgnVVwQLQg2asSoQ=="
    }
  }
}
