{
  "name": "@zerobias-org/suite-no-pda",
  "version": "1.0.1",
  "lockfileVersion": 2,
  "requires": true,
  "packages": {
    "": {
      "name": "@zerobias-org/suite-no-pda",
      "version": "1.0.1",
      "license": "ISC",
      "dependencies": {
        "@zerobias-org/vendor-no": "latest"
      },
      "engines": {
        "node": ">=16.11.0",
        "npm": ">=8.0.0"
      }
    },
    "node_modules/@zerobias-org/vendor-no": {
      "version": "1.0.2",
      "resolved": "https://pkg.zerobias.org/@zerobias-org/vendor-no/-/vendor-no-1.0.2.tgz",
      "integrity": "sha512-FQyL4YrtA6rl0Y/qgh9SQ7/GwOE1avi+Fl+4aNkrlHG8eL/oq09/oIrqwV1AFjTXt3Ue1BasF1iSG9P1QtEZrA==",
      "license": "ISC",
      "engines": {
        "node": ">=16.11.0",
        "npm": ">=8.0.0"
      }
    }
  },
  "dependencies": {
    "@zerobias-org/vendor-no": {
      "version": "1.0.2",
      "resolved": "https://pkg.zerobias.org/@zerobias-org/vendor-no/-/vendor-no-1.0.2.tgz",
      "integrity": "sha512-FQyL4YrtA6rl0Y/qgh9SQ7/GwOE1avi+Fl+4aNkrlHG8eL/oq09/oIrqwV1AFjTXt3Ue1BasF1iSG9P1QtEZrA=="
    }
  }
}
