{
  "name": "@auditlogic/suite-sg-chp",
  "version": "1.0.0",
  "lockfileVersion": 2,
  "requires": true,
  "packages": {
    "": {
      "name": "@auditlogic/suite-sg-chp",
      "version": "1.0.0",
      "license": "ISC",
      "dependencies": {
        "@auditlogic/vendor-sg": "^1.0.0"
      },
      "engines": {
        "node": ">=16.11.0",
        "npm": ">=8.0.0"
      }
    },
    "node_modules/@auditlogic/vendor-sg": {
      "version": "1.0.0",
      "resolved": "https://npm.pkg.github.com/download/@auditlogic/vendor-sg/1.0.0/179147290f50be87e3b75f6abf7e2cb5318ef747",
      "integrity": "sha512-zIf3PuC2aa+lIs2vmxg+uvVMs47W31BjsYBVTKd/SkljTpGbgPdA/5w+Z3WFY3UDMncbBtfa/2FA9aWkNQ1mTg==",
      "license": "ISC",
      "engines": {
        "node": ">=16.11.0",
        "npm": ">=8.0.0"
      }
    }
  },
  "dependencies": {
    "@auditlogic/vendor-sg": {
      "version": "1.0.0",
      "resolved": "https://npm.pkg.github.com/download/@auditlogic/vendor-sg/1.0.0/179147290f50be87e3b75f6abf7e2cb5318ef747",
      "integrity": "sha512-zIf3PuC2aa+lIs2vmxg+uvVMs47W31BjsYBVTKd/SkljTpGbgPdA/5w+Z3WFY3UDMncbBtfa/2FA9aWkNQ1mTg=="
    }
  }
}
