{
  "name": "@zerobias-org/suite-es-royaldecree",
  "version": "1.0.2",
  "lockfileVersion": 2,
  "requires": true,
  "packages": {
    "": {
      "name": "@zerobias-org/suite-es-royaldecree",
      "version": "1.0.2",
      "license": "ISC",
      "dependencies": {
        "@zerobias-org/vendor-es": "latest"
      },
      "engines": {
        "node": ">=16.11.0",
        "npm": ">=8.0.0"
      }
    },
    "node_modules/@zerobias-org/vendor-es": {
      "version": "1.0.2",
      "resolved": "https://pkg.zerobias.org/@zerobias-org/vendor-es/-/vendor-es-1.0.2.tgz",
      "integrity": "sha512-T42ql6+fnL9Q3HlRf5Oo7uB/94EsuSwyDPr0mT3mtZGS6t/r2mqx7CmgQjIjXksKrEPNPIwRoyYH48+8iRtRYQ==",
      "license": "ISC",
      "engines": {
        "node": ">=16.11.0",
        "npm": ">=8.0.0"
      }
    }
  },
  "dependencies": {
    "@zerobias-org/vendor-es": {
      "version": "1.0.2",
      "resolved": "https://pkg.zerobias.org/@zerobias-org/vendor-es/-/vendor-es-1.0.2.tgz",
      "integrity": "sha512-T42ql6+fnL9Q3HlRf5Oo7uB/94EsuSwyDPr0mT3mtZGS6t/r2mqx7CmgQjIjXksKrEPNPIwRoyYH48+8iRtRYQ=="
    }
  }
}
