{
  "name": "@zerobias-org/suite-id-gov_regulation",
  "version": "1.0.2",
  "lockfileVersion": 2,
  "requires": true,
  "packages": {
    "": {
      "name": "@zerobias-org/suite-id-gov_regulation",
      "version": "1.0.2",
      "license": "ISC",
      "dependencies": {
        "@zerobias-org/vendor-id": "latest"
      },
      "engines": {
        "node": ">=16.11.0",
        "npm": ">=8.0.0"
      }
    },
    "node_modules/@zerobias-org/vendor-id": {
      "version": "1.0.2",
      "resolved": "https://pkg.zerobias.org/@zerobias-org/vendor-id/-/vendor-id-1.0.2.tgz",
      "integrity": "sha512-BChtXCRDVvPQmpnshZW2cEjrDUuWlaoL+Yk7lq4dfT2KmpYEdxDBsVIij3EGWl67nxydwZWSazOjsvyfTi7Smg==",
      "license": "ISC",
      "engines": {
        "node": ">=16.11.0",
        "npm": ">=8.0.0"
      }
    }
  },
  "dependencies": {
    "@zerobias-org/vendor-id": {
      "version": "1.0.2",
      "resolved": "https://pkg.zerobias.org/@zerobias-org/vendor-id/-/vendor-id-1.0.2.tgz",
      "integrity": "sha512-BChtXCRDVvPQmpnshZW2cEjrDUuWlaoL+Yk7lq4dfT2KmpYEdxDBsVIij3EGWl67nxydwZWSazOjsvyfTi7Smg=="
    }
  }
}
