{
  "name": "@zerobias-org/suite-gb-mds",
  "version": "1.1.0",
  "lockfileVersion": 2,
  "requires": true,
  "packages": {
    "": {
      "name": "@zerobias-org/suite-gb-mds",
      "version": "1.1.0",
      "license": "ISC",
      "dependencies": {
        "@zerobias-org/vendor-gb": "^1.0.0"
      }
    },
    "node_modules/@zerobias-org/vendor-gb": {
      "version": "1.0.2",
      "resolved": "https://pkg.zerobias.org/@zerobias-org/vendor-gb/-/vendor-gb-1.0.2.tgz",
      "integrity": "sha512-v+7D6NjgscykyQt30kBRsTdWDdrqfkm5HxHWugUnQ2Wbbdf8+01e8BDg6R7tQjVpyQDxI9o9IcEeWodzsUkBnw==",
      "license": "ISC",
      "engines": {
        "node": ">=16.11.0",
        "npm": ">=8.0.0"
      }
    }
  },
  "dependencies": {
    "@zerobias-org/vendor-gb": {
      "version": "1.0.2",
      "resolved": "https://pkg.zerobias.org/@zerobias-org/vendor-gb/-/vendor-gb-1.0.2.tgz",
      "integrity": "sha512-v+7D6NjgscykyQt30kBRsTdWDdrqfkm5HxHWugUnQ2Wbbdf8+01e8BDg6R7tQjVpyQDxI9o9IcEeWodzsUkBnw=="
    }
  }
}
