{
  "name": "@zerobias-org/suite-dk-act_429",
  "version": "1.0.2",
  "lockfileVersion": 2,
  "requires": true,
  "packages": {
    "": {
      "name": "@zerobias-org/suite-dk-act_429",
      "version": "1.0.2",
      "license": "ISC",
      "dependencies": {
        "@zerobias-org/vendor-dk": "latest"
      },
      "engines": {
        "node": ">=16.11.0",
        "npm": ">=8.0.0"
      }
    },
    "node_modules/@zerobias-org/vendor-dk": {
      "version": "1.0.2",
      "resolved": "https://pkg.zerobias.org/@zerobias-org/vendor-dk/-/vendor-dk-1.0.2.tgz",
      "integrity": "sha512-JSqUbtWqVrlodOOczzNeILnrhk3Kkk5Sai4gjMwJ2BAp0H+k5JZCjtG41voSX8yq0oqQzjB75QbOcRtmP6M7UQ==",
      "license": "ISC",
      "engines": {
        "node": ">=16.11.0",
        "npm": ">=8.0.0"
      }
    }
  },
  "dependencies": {
    "@zerobias-org/vendor-dk": {
      "version": "1.0.2",
      "resolved": "https://pkg.zerobias.org/@zerobias-org/vendor-dk/-/vendor-dk-1.0.2.tgz",
      "integrity": "sha512-JSqUbtWqVrlodOOczzNeILnrhk3Kkk5Sai4gjMwJ2BAp0H+k5JZCjtG41voSX8yq0oqQzjB75QbOcRtmP6M7UQ=="
    }
  }
}
