{
  "name": "@zerobias-org/suite-fr-act_78_17",
  "version": "1.0.2",
  "lockfileVersion": 2,
  "requires": true,
  "packages": {
    "": {
      "name": "@zerobias-org/suite-fr-act_78_17",
      "version": "1.0.2",
      "license": "ISC",
      "dependencies": {
        "@zerobias-org/vendor-fr": "latest"
      },
      "engines": {
        "node": ">=16.11.0",
        "npm": ">=8.0.0"
      }
    },
    "node_modules/@zerobias-org/vendor-fr": {
      "version": "1.0.2",
      "resolved": "https://pkg.zerobias.org/@zerobias-org/vendor-fr/-/vendor-fr-1.0.2.tgz",
      "integrity": "sha512-7ZFXUCElzScvPc2HMyLUc4lxrW7D4uS4ZlwYPWl361h/HYJum0qkMF25V8wk+nY6hyuxqW4o7w1WfbqrDfiYIg==",
      "license": "ISC",
      "engines": {
        "node": ">=16.11.0",
        "npm": ">=8.0.0"
      }
    }
  },
  "dependencies": {
    "@zerobias-org/vendor-fr": {
      "version": "1.0.2",
      "resolved": "https://pkg.zerobias.org/@zerobias-org/vendor-fr/-/vendor-fr-1.0.2.tgz",
      "integrity": "sha512-7ZFXUCElzScvPc2HMyLUc4lxrW7D4uS4ZlwYPWl361h/HYJum0qkMF25V8wk+nY6hyuxqW4o7w1WfbqrDfiYIg=="
    }
  }
}
