{
  "name": "@zerobias-org/suite-us_ny-shield_act",
  "version": "1.0.2",
  "lockfileVersion": 2,
  "requires": true,
  "packages": {
    "": {
      "name": "@zerobias-org/suite-us_ny-shield_act",
      "version": "1.0.2",
      "license": "ISC",
      "dependencies": {
        "@zerobias-org/vendor-us_ny": "latest"
      },
      "engines": {
        "node": ">=16.11.0",
        "npm": ">=8.0.0"
      }
    },
    "node_modules/@zerobias-org/vendor-us_ny": {
      "version": "1.0.2",
      "resolved": "https://pkg.zerobias.org/@zerobias-org/vendor-us_ny/-/vendor-us_ny-1.0.2.tgz",
      "integrity": "sha512-VCmsygNG8hk0qvZLs8L6iKL8ioSYSVk8TjaDXv3tD7wcAdqw3WLEKgs4vkSH7SDuGAydZ4mOGsBboHuLw38tFA==",
      "license": "ISC",
      "engines": {
        "node": ">=16.11.0",
        "npm": ">=8.0.0"
      }
    }
  },
  "dependencies": {
    "@zerobias-org/vendor-us_ny": {
      "version": "1.0.2",
      "resolved": "https://pkg.zerobias.org/@zerobias-org/vendor-us_ny/-/vendor-us_ny-1.0.2.tgz",
      "integrity": "sha512-VCmsygNG8hk0qvZLs8L6iKL8ioSYSVk8TjaDXv3tD7wcAdqw3WLEKgs4vkSH7SDuGAydZ4mOGsBboHuLw38tFA=="
    }
  }
}
