{
  "name": "@zerobias-org/suite-se-pda",
  "version": "1.0.2",
  "lockfileVersion": 2,
  "requires": true,
  "packages": {
    "": {
      "name": "@zerobias-org/suite-se-pda",
      "version": "1.0.2",
      "license": "ISC",
      "dependencies": {
        "@zerobias-org/vendor-se": "latest"
      },
      "engines": {
        "node": ">=16.11.0",
        "npm": ">=8.0.0"
      }
    },
    "node_modules/@zerobias-org/vendor-se": {
      "version": "1.0.2",
      "resolved": "https://pkg.zerobias.org/@zerobias-org/vendor-se/-/vendor-se-1.0.2.tgz",
      "integrity": "sha512-l6q8J5LZtVv9UhJWktGC+OmOMul8dtr7r07rW7HhwoQg9aDekgKKHw+U+oG54bkU1Fl1l/FZCI7yn1FkPBZHpw==",
      "license": "ISC",
      "engines": {
        "node": ">=16.11.0",
        "npm": ">=8.0.0"
      }
    }
  },
  "dependencies": {
    "@zerobias-org/vendor-se": {
      "version": "1.0.2",
      "resolved": "https://pkg.zerobias.org/@zerobias-org/vendor-se/-/vendor-se-1.0.2.tgz",
      "integrity": "sha512-l6q8J5LZtVv9UhJWktGC+OmOMul8dtr7r07rW7HhwoQg9aDekgKKHw+U+oG54bkU1Fl1l/FZCI7yn1FkPBZHpw=="
    }
  }
}
