{
  "name": "@zerobias-org/suite-disa-stig",
  "version": "1.1.3",
  "lockfileVersion": 2,
  "requires": true,
  "packages": {
    "": {
      "name": "@zerobias-org/suite-disa-stig",
      "version": "1.1.3",
      "license": "ISC",
      "dependencies": {
        "@zerobias-org/vendor-disa": "^1.1.1"
      }
    },
    "node_modules/@zerobias-org/vendor-disa": {
      "version": "1.1.3",
      "resolved": "https://pkg.zerobias.org/@zerobias-org/vendor-disa/-/vendor-disa-1.1.3.tgz",
      "integrity": "sha512-pG1AEGshiedeNof00+sjurYjuBQtbKi20iZnzGfydIl2ghYrFcNaAQMmrAJ7q5/ZN7+R6QrNsHmi9KB6ZMayVQ==",
      "license": "ISC"
    }
  },
  "dependencies": {
    "@zerobias-org/vendor-disa": {
      "version": "1.1.3",
      "resolved": "https://pkg.zerobias.org/@zerobias-org/vendor-disa/-/vendor-disa-1.1.3.tgz",
      "integrity": "sha512-pG1AEGshiedeNof00+sjurYjuBQtbKi20iZnzGfydIl2ghYrFcNaAQMmrAJ7q5/ZN7+R6QrNsHmi9KB6ZMayVQ=="
    }
  }
}
