{
  "name": "@zerobias-org/suite-fi-pda",
  "version": "1.0.1",
  "lockfileVersion": 2,
  "requires": true,
  "packages": {
    "": {
      "name": "@zerobias-org/suite-fi-pda",
      "version": "1.0.1",
      "license": "ISC",
      "dependencies": {
        "@zerobias-org/vendor-fi": "latest"
      },
      "engines": {
        "node": ">=16.11.0",
        "npm": ">=8.0.0"
      }
    },
    "node_modules/@zerobias-org/vendor-fi": {
      "version": "1.0.2",
      "resolved": "https://pkg.zerobias.org/@zerobias-org/vendor-fi/-/vendor-fi-1.0.2.tgz",
      "integrity": "sha512-WaQ0jL1AAM+IEBCHYIPEhbrZX5PRB2ezrFkWbQs5ky6RZEjQHkGpvc63txknZ+IU1+HjKaPPBF/DDnuUY59tew==",
      "license": "ISC",
      "engines": {
        "node": ">=16.11.0",
        "npm": ">=8.0.0"
      }
    }
  },
  "dependencies": {
    "@zerobias-org/vendor-fi": {
      "version": "1.0.2",
      "resolved": "https://pkg.zerobias.org/@zerobias-org/vendor-fi/-/vendor-fi-1.0.2.tgz",
      "integrity": "sha512-WaQ0jL1AAM+IEBCHYIPEhbrZX5PRB2ezrFkWbQs5ky6RZEjQHkGpvc63txknZ+IU1+HjKaPPBF/DDnuUY59tew=="
    }
  }
}
