{
  "name": "@auditlogic/suite-lu-pp_rppd",
  "version": "1.0.0",
  "lockfileVersion": 2,
  "requires": true,
  "packages": {
    "": {
      "name": "@auditlogic/suite-lu-pp_rppd",
      "version": "1.0.0",
      "license": "ISC",
      "dependencies": {
        "@auditlogic/vendor-lu": "^1.0.0"
      },
      "engines": {
        "node": ">=16.11.0",
        "npm": ">=8.0.0"
      }
    },
    "node_modules/@auditlogic/vendor-lu": {
      "version": "1.0.0",
      "resolved": "https://npm.pkg.github.com/download/@auditlogic/vendor-lu/1.0.0/d0dda67fc60475cbdbcd42154ecc7312956bdad4",
      "integrity": "sha512-/tWUgenS86OEGxFbQni5CuXfTRiyEN1Uo2xNfTIucDJuRn02ZA2gUeJgdxx6rcr0J4o6qbLwToOiA8uuP9phDg==",
      "license": "ISC",
      "engines": {
        "node": ">=16.11.0",
        "npm": ">=8.0.0"
      }
    }
  },
  "dependencies": {
    "@auditlogic/vendor-lu": {
      "version": "1.0.0",
      "resolved": "https://npm.pkg.github.com/download/@auditlogic/vendor-lu/1.0.0/d0dda67fc60475cbdbcd42154ecc7312956bdad4",
      "integrity": "sha512-/tWUgenS86OEGxFbQni5CuXfTRiyEN1Uo2xNfTIucDJuRn02ZA2gUeJgdxx6rcr0J4o6qbLwToOiA8uuP9phDg=="
    }
  }
}
