{
  "name": "@zerobias-org/suite-avigilon-alta",
  "version": "1.0.0",
  "lockfileVersion": 2,
  "requires": true,
  "packages": {
    "": {
      "name": "@zerobias-org/suite-avigilon-alta",
      "version": "1.0.0",
      "license": "ISC",
      "dependencies": {
        "@zerobias-org/vendor-avigilon": "latest"
      }
    },
    "node_modules/@zerobias-org/vendor-avigilon": {
      "version": "1.1.1",
      "resolved": "https://pkg.zerobias.org/@zerobias-org/vendor-avigilon/-/vendor-avigilon-1.1.1.tgz",
      "integrity": "sha512-bmmeFgUQ/kMmdS+A5VyVG4P5Fy85Aw6WqBWuMHcQzAdSVJ3aPQHPulzXILY5XROJyZlFTD1GUe+OpzXlL3tieA==",
      "license": "ISC"
    }
  },
  "dependencies": {
    "@zerobias-org/vendor-avigilon": {
      "version": "1.1.1",
      "resolved": "https://pkg.zerobias.org/@zerobias-org/vendor-avigilon/-/vendor-avigilon-1.1.1.tgz",
      "integrity": "sha512-bmmeFgUQ/kMmdS+A5VyVG4P5Fy85Aw6WqBWuMHcQzAdSVJ3aPQHPulzXILY5XROJyZlFTD1GUe+OpzXlL3tieA=="
    }
  }
}
