{
  "name": "@zerobias-org/suite-avigilon-alta",
  "version": "2.0.0",
  "lockfileVersion": 3,
  "requires": true,
  "packages": {
    "": {
      "name": "@zerobias-org/suite-avigilon-alta",
      "version": "2.0.0",
      "license": "ISC",
      "dependencies": {
        "@zerobias-org/vendor-avigilon": "*"
      }
    },
    "node_modules/@zerobias-org/vendor-avigilon": {
      "version": "2.0.3",
      "integrity": "sha512-KiloyIl1MlcqJOLLaIQ6Ihzh2l/3yBQoaOjp2Vyk3PcRUzAzFFu1g4NBXW4GqMsYBJEq6Zj5gdl6dVGpIPWtDA==",
      "license": "ISC"
    }
  }
}
