{
  "name": "@zerobias-org/suite-neverfail-nfcc",
  "version": "2.0.0",
  "lockfileVersion": 3,
  "requires": true,
  "packages": {
    "": {
      "name": "@zerobias-org/suite-neverfail-nfcc",
      "version": "2.0.0",
      "license": "ISC",
      "dependencies": {
        "@zerobias-org/vendor-neverfail": "*"
      }
    },
    "node_modules/@zerobias-org/vendor-neverfail": {
      "version": "2.0.1",
      "integrity": "sha512-V3kO0S/8Vv4mjL3/htd0/5uHXdvuyYDlqXD4ucM6gWWeAuzl/e3jtKMm8AFfDnrCdcZeEmrwb82dz9jwm1IByw==",
      "license": "ISC"
    }
  }
}
