{
  "name": "@zerobias-org/suite-ch-fapd",
  "version": "1.0.2",
  "lockfileVersion": 2,
  "requires": true,
  "packages": {
    "": {
      "name": "@zerobias-org/suite-ch-fapd",
      "version": "1.0.2",
      "license": "ISC",
      "dependencies": {
        "@zerobias-org/vendor-ch": "latest"
      },
      "engines": {
        "node": ">=16.11.0",
        "npm": ">=8.0.0"
      }
    },
    "node_modules/@zerobias-org/vendor-ch": {
      "version": "1.0.2",
      "resolved": "https://pkg.zerobias.org/@zerobias-org/vendor-ch/-/vendor-ch-1.0.2.tgz",
      "integrity": "sha512-zRZVzm0OHE568ajtDT/3iTLELHYZhP3e2Owo4DKkR3U/iUTrH/7AhjMU9YtR+qo3bG5ootKGVHf1cBT4dOnXgw==",
      "license": "ISC",
      "engines": {
        "node": ">=16.11.0",
        "npm": ">=8.0.0"
      }
    }
  },
  "dependencies": {
    "@zerobias-org/vendor-ch": {
      "version": "1.0.2",
      "resolved": "https://pkg.zerobias.org/@zerobias-org/vendor-ch/-/vendor-ch-1.0.2.tgz",
      "integrity": "sha512-zRZVzm0OHE568ajtDT/3iTLELHYZhP3e2Owo4DKkR3U/iUTrH/7AhjMU9YtR+qo3bG5ootKGVHf1cBT4dOnXgw=="
    }
  }
}
