{
  "name": "@zerobias-org/suite-spdx-spdx",
  "version": "1.0.1",
  "lockfileVersion": 2,
  "requires": true,
  "packages": {
    "": {
      "name": "@zerobias-org/suite-spdx-spdx",
      "version": "1.0.1",
      "license": "ISC",
      "dependencies": {
        "@zerobias-org/vendor-spdx": "latest"
      }
    },
    "node_modules/@zerobias-org/vendor-spdx": {
      "version": "1.0.2",
      "resolved": "https://pkg.zerobias.org/@zerobias-org/vendor-spdx/-/vendor-spdx-1.0.2.tgz",
      "integrity": "sha512-KaflhSBb8DNZTCjEP+m8J2yQEaoXX3/VVhBriZqqDLwgCKBMQB/TNgn7yUGAP3r+5JFyqMjuPgJlAQqaAe5ymQ==",
      "license": "ISC"
    }
  },
  "dependencies": {
    "@zerobias-org/vendor-spdx": {
      "version": "1.0.2",
      "resolved": "https://pkg.zerobias.org/@zerobias-org/vendor-spdx/-/vendor-spdx-1.0.2.tgz",
      "integrity": "sha512-KaflhSBb8DNZTCjEP+m8J2yQEaoXX3/VVhBriZqqDLwgCKBMQB/TNgn7yUGAP3r+5JFyqMjuPgJlAQqaAe5ymQ=="
    }
  }
}
