{
  "name": "@zerobias-org/suite-de-bait",
  "version": "1.0.1",
  "lockfileVersion": 2,
  "requires": true,
  "packages": {
    "": {
      "name": "@zerobias-org/suite-de-bait",
      "version": "1.0.1",
      "license": "ISC",
      "dependencies": {
        "@zerobias-org/vendor-de": "latest"
      },
      "engines": {
        "node": ">=16.11.0",
        "npm": ">=8.0.0"
      }
    },
    "node_modules/@zerobias-org/vendor-de": {
      "version": "1.0.2",
      "resolved": "https://pkg.zerobias.org/@zerobias-org/vendor-de/-/vendor-de-1.0.2.tgz",
      "integrity": "sha512-kC7Zy9OU/JZ7TbJFbSOsFrp9IHxjTkV0U3TSzTHMizEXVbhh2TuOOMeVxX2SjlGa42lg76CZ96+OGsyfgVMidw==",
      "license": "ISC",
      "engines": {
        "node": ">=16.11.0",
        "npm": ">=8.0.0"
      }
    }
  },
  "dependencies": {
    "@zerobias-org/vendor-de": {
      "version": "1.0.2",
      "resolved": "https://pkg.zerobias.org/@zerobias-org/vendor-de/-/vendor-de-1.0.2.tgz",
      "integrity": "sha512-kC7Zy9OU/JZ7TbJFbSOsFrp9IHxjTkV0U3TSzTHMizEXVbhh2TuOOMeVxX2SjlGa42lg76CZ96+OGsyfgVMidw=="
    }
  }
}
