{
  "name": "@zerobias-org/suite-nist-800_171a",
  "version": "2.0.0",
  "lockfileVersion": 3,
  "requires": true,
  "packages": {
    "": {
      "name": "@zerobias-org/suite-nist-800_171a",
      "version": "2.0.0",
      "license": "ISC",
      "dependencies": {
        "@zerobias-org/vendor-nist": "*"
      }
    },
    "node_modules/@zerobias-org/vendor-nist": {
      "version": "2.0.1",
      "integrity": "sha512-NjIQ5u841I/1TAl3W9ogHMYPbywAuofDzibEawFXszvSgXiZ4j2tjIe38JmpHUrws/6wo3ij2TYxBA1GzbQtpw==",
      "license": "ISC"
    }
  }
}
