{
  "name": "@zerobias-org/suite-sei-cert",
  "version": "2.0.0",
  "lockfileVersion": 3,
  "requires": true,
  "packages": {
    "": {
      "name": "@zerobias-org/suite-sei-cert",
      "version": "2.0.0",
      "license": "ISC",
      "dependencies": {
        "@zerobias-org/vendor-sei": "*"
      }
    },
    "node_modules/@zerobias-org/vendor-sei": {
      "version": "2.0.1",
      "integrity": "sha512-BS3A9VnVxvDf5VY2q6X+D9Wp0wYcTdbCdkbQFPpaMUfuxLvdYqyfvVZH/hlEgsThLyQoUtwOnpt1aaEFExS8dg==",
      "license": "ISC"
    }
  }
}
