{
  "name": "@zerobias-org/suite-us-ssa",
  "version": "1.0.2",
  "lockfileVersion": 2,
  "requires": true,
  "packages": {
    "": {
      "name": "@zerobias-org/suite-us-ssa",
      "version": "1.0.2",
      "license": "ISC",
      "dependencies": {
        "@zerobias-org/vendor-us": "latest"
      },
      "engines": {
        "node": ">=16.11.0",
        "npm": ">=8.0.0"
      }
    },
    "node_modules/@zerobias-org/vendor-us": {
      "version": "1.0.2",
      "resolved": "https://pkg.zerobias.org/@zerobias-org/vendor-us/-/vendor-us-1.0.2.tgz",
      "integrity": "sha512-LXb06Hu7rfX0Xwcq2uxXs8W1HnTBOGAvTZwabTNYB0f/hm9FWqjHm4iKB6UTOmu3yK+cSq/Z08PirhZilqIIUg==",
      "license": "ISC",
      "engines": {
        "node": ">=16.11.0",
        "npm": ">=8.0.0"
      }
    }
  },
  "dependencies": {
    "@zerobias-org/vendor-us": {
      "version": "1.0.2",
      "resolved": "https://pkg.zerobias.org/@zerobias-org/vendor-us/-/vendor-us-1.0.2.tgz",
      "integrity": "sha512-LXb06Hu7rfX0Xwcq2uxXs8W1HnTBOGAvTZwabTNYB0f/hm9FWqjHm4iKB6UTOmu3yK+cSq/Z08PirhZilqIIUg=="
    }
  }
}
