{
  "name": "@auditlogic/suite-naic-mdl",
  "version": "1.0.0",
  "lockfileVersion": 2,
  "requires": true,
  "packages": {
    "": {
      "name": "@auditlogic/suite-naic-mdl",
      "version": "1.0.0",
      "license": "ISC",
      "dependencies": {
        "@auditlogic/vendor-naic": "^1.0.0"
      },
      "engines": {
        "node": ">=16.11.0",
        "npm": ">=8.0.0"
      }
    },
    "node_modules/@auditlogic/vendor-naic": {
      "version": "1.0.0",
      "resolved": "https://npm.pkg.github.com/download/@auditlogic/vendor-naic/1.0.0/9f2e85219605f47ff3d190d34f086cbfd7085d1a",
      "integrity": "sha512-N1y1QWab7jOetiBQY7F9Nm0MLpDzwLxAITtHD9QoFIzlzEoIMFlSbnqFfw5pqpBJ4GJC73jbocJPMxHV2drHmA==",
      "license": "ISC",
      "engines": {
        "node": ">=16.11.0",
        "npm": ">=8.0.0"
      }
    }
  },
  "dependencies": {
    "@auditlogic/vendor-naic": {
      "version": "1.0.0",
      "resolved": "https://npm.pkg.github.com/download/@auditlogic/vendor-naic/1.0.0/9f2e85219605f47ff3d190d34f086cbfd7085d1a",
      "integrity": "sha512-N1y1QWab7jOetiBQY7F9Nm0MLpDzwLxAITtHD9QoFIzlzEoIMFlSbnqFfw5pqpBJ4GJC73jbocJPMxHV2drHmA=="
    }
  }
}
