{
  "name": "@zerobias-org/suite-naic-mdl",
  "version": "2.0.0",
  "lockfileVersion": 3,
  "requires": true,
  "packages": {
    "": {
      "name": "@zerobias-org/suite-naic-mdl",
      "version": "2.0.0",
      "license": "ISC",
      "dependencies": {
        "@zerobias-org/vendor-naic": "*"
      }
    },
    "node_modules/@zerobias-org/vendor-naic": {
      "version": "2.0.1",
      "integrity": "sha512-5PVoee7fhmXa3+Y2afGHm0xfrymYu237keFJTLzzpDVP7lB3zgYCoXpcpO5c1LreXPCjO2/Xh+qYNb4M2wKMgQ==",
      "license": "ISC"
    }
  }
}
