{
  "name": "@auditlogic/suite-za-popia",
  "version": "1.0.0",
  "lockfileVersion": 2,
  "requires": true,
  "packages": {
    "": {
      "name": "@auditlogic/suite-za-popia",
      "version": "1.0.0",
      "license": "ISC",
      "dependencies": {
        "@auditlogic/vendor-za": "^1.0.0"
      },
      "engines": {
        "node": ">=16.11.0",
        "npm": ">=8.0.0"
      }
    },
    "node_modules/@auditlogic/vendor-za": {
      "version": "1.0.0",
      "resolved": "https://npm.pkg.github.com/download/@auditlogic/vendor-za/1.0.0/481d53b0c199dcda40f83361eca28cbcf50f44f6",
      "integrity": "sha512-kDDHe/HggyijfoNsfNN7VUZUejZOsTb08Xp2dEAbbknyDvYa9MZXaNV+pZgQiYb4c8wqMLAuBHQOeIggzdy0QQ==",
      "license": "ISC",
      "engines": {
        "node": ">=16.11.0",
        "npm": ">=8.0.0"
      }
    }
  },
  "dependencies": {
    "@auditlogic/vendor-za": {
      "version": "1.0.0",
      "resolved": "https://npm.pkg.github.com/download/@auditlogic/vendor-za/1.0.0/481d53b0c199dcda40f83361eca28cbcf50f44f6",
      "integrity": "sha512-kDDHe/HggyijfoNsfNN7VUZUejZOsTb08Xp2dEAbbknyDvYa9MZXaNV+pZgQiYb4c8wqMLAuBHQOeIggzdy0QQ=="
    }
  }
}
