{
  "name": "@auditlogic/suite-mpa-csp",
  "version": "1.0.0",
  "lockfileVersion": 2,
  "requires": true,
  "packages": {
    "": {
      "name": "@auditlogic/suite-mpa-csp",
      "version": "1.0.0",
      "license": "ISC",
      "dependencies": {
        "@auditlogic/vendor-mpa": "^1.0.0"
      },
      "engines": {
        "node": ">=16.11.0",
        "npm": ">=8.0.0"
      }
    },
    "node_modules/@auditlogic/vendor-mpa": {
      "version": "1.0.0",
      "resolved": "https://npm.pkg.github.com/download/@auditlogic/vendor-mpa/1.0.0/b4901d0228608532580bdf9e1e9a4705b0035862",
      "integrity": "sha512-CVVmMh23uq12X9Yd/qpt3nF8hDozHdslOlvVjXdXTtl5RXd0/n0QfahWm7QsYf5/FXSrI5AOM7SSQtNHUiWwWg==",
      "license": "ISC",
      "engines": {
        "node": ">=16.11.0",
        "npm": ">=8.0.0"
      }
    }
  },
  "dependencies": {
    "@auditlogic/vendor-mpa": {
      "version": "1.0.0",
      "resolved": "https://npm.pkg.github.com/download/@auditlogic/vendor-mpa/1.0.0/b4901d0228608532580bdf9e1e9a4705b0035862",
      "integrity": "sha512-CVVmMh23uq12X9Yd/qpt3nF8hDozHdslOlvVjXdXTtl5RXd0/n0QfahWm7QsYf5/FXSrI5AOM7SSQtNHUiWwWg=="
    }
  }
}
