{
  "name": "@zerobias-org/suite-au-cps_234",
  "version": "1.0.2",
  "lockfileVersion": 2,
  "requires": true,
  "packages": {
    "": {
      "name": "@zerobias-org/suite-au-cps_234",
      "version": "1.0.2",
      "license": "ISC",
      "dependencies": {
        "@zerobias-org/vendor-au": "latest"
      },
      "engines": {
        "node": ">=16.11.0",
        "npm": ">=8.0.0"
      }
    },
    "node_modules/@zerobias-org/vendor-au": {
      "version": "1.0.2",
      "resolved": "https://pkg.zerobias.org/@zerobias-org/vendor-au/-/vendor-au-1.0.2.tgz",
      "integrity": "sha512-+2cV/kFGbWUMkBwLBW5nFnPdOlF7K/SZq/nAi/jMjCZqMg+pbY18hR26Q91srW+BvoGnLtLKJ8Yoeek9TGXpqg==",
      "license": "ISC",
      "engines": {
        "node": ">=16.11.0",
        "npm": ">=8.0.0"
      }
    }
  },
  "dependencies": {
    "@zerobias-org/vendor-au": {
      "version": "1.0.2",
      "resolved": "https://pkg.zerobias.org/@zerobias-org/vendor-au/-/vendor-au-1.0.2.tgz",
      "integrity": "sha512-+2cV/kFGbWUMkBwLBW5nFnPdOlF7K/SZq/nAi/jMjCZqMg+pbY18hR26Q91srW+BvoGnLtLKJ8Yoeek9TGXpqg=="
    }
  }
}
